// !$*UTF8*$!
{
	archiveVersion = 1;
	classes = {
	};
	objectVersion = 46;
	objects = {

/* Begin PBXBuildFile section */
		A903FBAD17CE04D4005EED4C /* galerie-off@2x.png in Resources */ = {isa = PBXBuildFile; fileRef = A903FBA817CE04D4005EED4C /* galerie-off@2x.png */; };
		A903FBAE17CE04D4005EED4C /* MVSappm_fonct_profil.png in Resources */ = {isa = PBXBuildFile; fileRef = A903FBA917CE04D4005EED4C /* MVSappm_fonct_profil.png */; };
		A903FBAF17CE04D4005EED4C /* MVSappm_fonct_profil@2x.png in Resources */ = {isa = PBXBuildFile; fileRef = A903FBAA17CE04D4005EED4C /* MVSappm_fonct_profil@2x.png */; };
		A903FBB017CE04D4005EED4C /* photos.png in Resources */ = {isa = PBXBuildFile; fileRef = A903FBAB17CE04D4005EED4C /* photos.png */; };
		A903FBB117CE04D4005EED4C /* photos@2x.png in Resources */ = {isa = PBXBuildFile; fileRef = A903FBAC17CE04D4005EED4C /* photos@2x.png */; };
		A903FBC217CE0D08005EED4C /* ic_geoloc.png in Resources */ = {isa = PBXBuildFile; fileRef = A903FBBE17CE0D06005EED4C /* ic_geoloc.png */; };
		A903FBC317CE0D08005EED4C /* ic_geoloc@2x.png in Resources */ = {isa = PBXBuildFile; fileRef = A903FBBF17CE0D06005EED4C /* ic_geoloc@2x.png */; };
		A903FBC417CE0D08005EED4C /* ic_like.png in Resources */ = {isa = PBXBuildFile; fileRef = A903FBC017CE0D07005EED4C /* ic_like.png */; };
		A903FBC517CE0D08005EED4C /* ic_like@2x.png in Resources */ = {isa = PBXBuildFile; fileRef = A903FBC117CE0D07005EED4C /* ic_like@2x.png */; };
		A903FBCC17CE1227005EED4C /* bg_btn@2x-1.png in Resources */ = {isa = PBXBuildFile; fileRef = A903FBCA17CE1227005EED4C /* bg_btn@2x-1.png */; };
		A903FBCD17CE1227005EED4C /* bg_btn-1.png in Resources */ = {isa = PBXBuildFile; fileRef = A903FBCB17CE1227005EED4C /* bg_btn-1.png */; };
		A903FBD017CE2EDB005EED4C /* arrow.png in Resources */ = {isa = PBXBuildFile; fileRef = A903FBCE17CE2ED6005EED4C /* arrow.png */; };
		A903FBD117CE2EDB005EED4C /* arrow@2x.png in Resources */ = {isa = PBXBuildFile; fileRef = A903FBCF17CE2ED9005EED4C /* arrow@2x.png */; };
		A903FBDA17CE2F1C005EED4C /* meslike_off.png in Resources */ = {isa = PBXBuildFile; fileRef = A903FBD217CE2F0E005EED4C /* meslike_off.png */; };
		A903FBDB17CE2F1C005EED4C /* meslike_off@2x.png in Resources */ = {isa = PBXBuildFile; fileRef = A903FBD317CE2F11005EED4C /* meslike_off@2x.png */; };
		A903FBDC17CE2F1C005EED4C /* meslike_on.png in Resources */ = {isa = PBXBuildFile; fileRef = A903FBD417CE2F13005EED4C /* meslike_on.png */; };
		A903FBDD17CE2F1C005EED4C /* meslike_on@2x.png in Resources */ = {isa = PBXBuildFile; fileRef = A903FBD517CE2F14005EED4C /* meslike_on@2x.png */; };
		A903FBDE17CE2F1C005EED4C /* mesphotos_off.png in Resources */ = {isa = PBXBuildFile; fileRef = A903FBD617CE2F16005EED4C /* mesphotos_off.png */; };
		A903FBDF17CE2F1C005EED4C /* mesphotos_off@2x.png in Resources */ = {isa = PBXBuildFile; fileRef = A903FBD717CE2F17005EED4C /* mesphotos_off@2x.png */; };
		A903FBE017CE2F1C005EED4C /* mesphotos_on.png in Resources */ = {isa = PBXBuildFile; fileRef = A903FBD817CE2F19005EED4C /* mesphotos_on.png */; };
		A903FBE117CE2F1C005EED4C /* mesphotos_on@2x.png in Resources */ = {isa = PBXBuildFile; fileRef = A903FBD917CE2F1A005EED4C /* mesphotos_on@2x.png */; };
		A903FBE417CE3721005EED4C /* marqueur_profil.png in Resources */ = {isa = PBXBuildFile; fileRef = A903FBE217CE371C005EED4C /* marqueur_profil.png */; };
		A903FBE517CE3721005EED4C /* marqueur_profil@2x.png in Resources */ = {isa = PBXBuildFile; fileRef = A903FBE317CE371F005EED4C /* marqueur_profil@2x.png */; };
		A904F621180C04E50034DCA4 /* Tunisia.gpx in Resources */ = {isa = PBXBuildFile; fileRef = A904F620180C04E50034DCA4 /* Tunisia.gpx */; };
		A90F0E2D17E3257E00C54404 /* ic_ghostblanc.png in Resources */ = {isa = PBXBuildFile; fileRef = A90F0E2B17E3257E00C54404 /* ic_ghostblanc.png */; };
		A90F0E2E17E3257E00C54404 /* ic_ghostblanc@2x.png in Resources */ = {isa = PBXBuildFile; fileRef = A90F0E2C17E3257E00C54404 /* ic_ghostblanc@2x.png */; };
		A90F0E3117E32C7100C54404 /* ic_coeurbrise.png in Resources */ = {isa = PBXBuildFile; fileRef = A90F0E2F17E32C7100C54404 /* ic_coeurbrise.png */; };
		A90F0E3217E32C7100C54404 /* ic_coeurbrise@2x.png in Resources */ = {isa = PBXBuildFile; fileRef = A90F0E3017E32C7100C54404 /* ic_coeurbrise@2x.png */; };
		A912753917DDFEDF00334DCD /* ic_marker.png in Resources */ = {isa = PBXBuildFile; fileRef = A912753717DDFEDB00334DCD /* ic_marker.png */; };
		A912753A17DDFEDF00334DCD /* ic_marker@2x.png in Resources */ = {isa = PBXBuildFile; fileRef = A912753817DDFEDD00334DCD /* ic_marker@2x.png */; };
		A912753D17DE0E0200334DCD /* FullScreenViewController.m in Sources */ = {isa = PBXBuildFile; fileRef = A912753C17DE0E0200334DCD /* FullScreenViewController.m */; };
		A914C35D17C3860B005142A7 /* ic_graffitounes_57.png in Resources */ = {isa = PBXBuildFile; fileRef = A914C35C17C3860B005142A7 /* ic_graffitounes_57.png */; };
		A914C35F17C38614005142A7 /* ic_graffitounes_114.png in Resources */ = {isa = PBXBuildFile; fileRef = A914C35E17C38614005142A7 /* ic_graffitounes_114.png */; };
		A916CFF2175A63A100494C1A /* shareBG.png in Resources */ = {isa = PBXBuildFile; fileRef = A916CFF1175A63A100494C1A /* shareBG.png */; };
		A917BE3B176B5BD80011C7DC /* Default.png in Resources */ = {isa = PBXBuildFile; fileRef = A917BE3A176B5BD80011C7DC /* Default.png */; };
		A917BE3D176B5C000011C7DC /* Default@2x.png in Resources */ = {isa = PBXBuildFile; fileRef = A917BE3C176B5C000011C7DC /* Default@2x.png */; };
		A917BE40176B62E90011C7DC /* ProfilePictureCell.xib in Resources */ = {isa = PBXBuildFile; fileRef = A917BE3F176B62E90011C7DC /* ProfilePictureCell.xib */; };
		A917BE43176B643E0011C7DC /* PictureProfileCell.m in Sources */ = {isa = PBXBuildFile; fileRef = A917BE42176B643E0011C7DC /* PictureProfileCell.m */; };
		A922A49F1767823B0084418F /* FacebookSDK.framework in Frameworks */ = {isa = PBXBuildFile; fileRef = A922A49E1767823B0084418F /* FacebookSDK.framework */; };
		A922A4A11767827D0084418F /* FacebookSDKResources.bundle in Resources */ = {isa = PBXBuildFile; fileRef = A922A4A01767827D0084418F /* FacebookSDKResources.bundle */; };
		A922A4A3176782AA0084418F /* Accounts.framework in Frameworks */ = {isa = PBXBuildFile; fileRef = A922A4A2176782AA0084418F /* Accounts.framework */; };
		A922A4A5176782B10084418F /* AdSupport.framework in Frameworks */ = {isa = PBXBuildFile; fileRef = A922A4A4176782B10084418F /* AdSupport.framework */; };
		A922A4A7176782BB0084418F /* Security.framework in Frameworks */ = {isa = PBXBuildFile; fileRef = A922A4A6176782BB0084418F /* Security.framework */; };
		A922A4A9176782C40084418F /* Social.framework in Frameworks */ = {isa = PBXBuildFile; fileRef = A922A4A8176782C40084418F /* Social.framework */; };
		A922A4AB176782CF0084418F /* libsqlite3.dylib in Frameworks */ = {isa = PBXBuildFile; fileRef = A922A4AA176782CF0084418F /* libsqlite3.dylib */; };
		A94292AB17E0A9D300E0D8A5 /* ic_map.png in Resources */ = {isa = PBXBuildFile; fileRef = A94292A917E0A9D300E0D8A5 /* ic_map.png */; };
		A94292AC17E0A9D300E0D8A5 /* ic_map@2x.png in Resources */ = {isa = PBXBuildFile; fileRef = A94292AA17E0A9D300E0D8A5 /* ic_map@2x.png */; };
		A94292AF17E0AD0200E0D8A5 /* ic_facebook.png in Resources */ = {isa = PBXBuildFile; fileRef = A94292AD17E0AD0200E0D8A5 /* ic_facebook.png */; };
		A94292B017E0AD0200E0D8A5 /* ic_facebook@2x.png in Resources */ = {isa = PBXBuildFile; fileRef = A94292AE17E0AD0200E0D8A5 /* ic_facebook@2x.png */; };
		A9454E0717CD020D008E4EA4 /* MapViewController.m in Sources */ = {isa = PBXBuildFile; fileRef = A9454E0617CD020D008E4EA4 /* MapViewController.m */; };
		A945885517A954FF0097B219 /* bg_comment.png in Resources */ = {isa = PBXBuildFile; fileRef = A945885417A954FF0097B219 /* bg_comment.png */; };
		A945885817A955120097B219 /* ic_envoyer.png in Resources */ = {isa = PBXBuildFile; fileRef = A945885617A955120097B219 /* ic_envoyer.png */; };
		A945885917A955120097B219 /* marqueur_graffi.png in Resources */ = {isa = PBXBuildFile; fileRef = A945885717A955120097B219 /* marqueur_graffi.png */; };
		A94837DC17D0A02200072135 /* poubelle.png in Resources */ = {isa = PBXBuildFile; fileRef = A94837DB17D0A02200072135 /* poubelle.png */; };
		A94837DE17D0A02A00072135 /* poubelle@2x.png in Resources */ = {isa = PBXBuildFile; fileRef = A94837DD17D0A02A00072135 /* poubelle@2x.png */; };
		A94837E117D0A03300072135 /* btn_fermer.png in Resources */ = {isa = PBXBuildFile; fileRef = A94837DF17D0A03300072135 /* btn_fermer.png */; };
		A94837E217D0A03300072135 /* btn_fermer@2x.png in Resources */ = {isa = PBXBuildFile; fileRef = A94837E017D0A03300072135 /* btn_fermer@2x.png */; };
		A9555EF817F0974800EE91BF /* btn_fermer-2.png in Resources */ = {isa = PBXBuildFile; fileRef = A9555EF617F0974800EE91BF /* btn_fermer-2.png */; };
		A9555EF917F0974800EE91BF /* btn_fermer@2x-1.png in Resources */ = {isa = PBXBuildFile; fileRef = A9555EF717F0974800EE91BF /* btn_fermer@2x-1.png */; };
		A96450581757B28700293A32 /* DetailImageViewController.m in Sources */ = {isa = PBXBuildFile; fileRef = A96450571757B28600293A32 /* DetailImageViewController.m */; };
		A964505A1757B41900293A32 /* coeur-liste-red.png in Resources */ = {isa = PBXBuildFile; fileRef = A96450591757B41900293A32 /* coeur-liste-red.png */; };
		A964505C1757B52B00293A32 /* BGBtn.png in Resources */ = {isa = PBXBuildFile; fileRef = A964505B1757B52A00293A32 /* BGBtn.png */; };
		A964505F1757B5B100293A32 /* picto-bt-jaime.png in Resources */ = {isa = PBXBuildFile; fileRef = A964505D1757B5B100293A32 /* picto-bt-jaime.png */; };
		A96450601757B5B100293A32 /* ghost.png in Resources */ = {isa = PBXBuildFile; fileRef = A964505E1757B5B100293A32 /* ghost.png */; };
		A96B79471819157500A4876F /* Graffitounes_navbar.png in Resources */ = {isa = PBXBuildFile; fileRef = A96B79451819157500A4876F /* Graffitounes_navbar.png */; };
		A96B79481819157500A4876F /* Graffitounes@2x.png in Resources */ = {isa = PBXBuildFile; fileRef = A96B79461819157500A4876F /* Graffitounes@2x.png */; };
		A96BA1BF17590CB4006D5A7A /* CommetaireViewController.m in Sources */ = {isa = PBXBuildFile; fileRef = A96BA1BE17590CB4006D5A7A /* CommetaireViewController.m */; };
		A9787617174687B000D61DE0 /* Images.m in Sources */ = {isa = PBXBuildFile; fileRef = A9787616174687B000D61DE0 /* Images.m */; };
		A97876191746977D00D61DE0 /* ImageCell.xib in Resources */ = {isa = PBXBuildFile; fileRef = A97876181746977D00D61DE0 /* ImageCell.xib */; };
		A978761C174697C100D61DE0 /* ImageCellViewController.m in Sources */ = {isa = PBXBuildFile; fileRef = A978761B174697C100D61DE0 /* ImageCellViewController.m */; };
		A97B467F179ACAA10062ACE2 /* picture.png in Resources */ = {isa = PBXBuildFile; fileRef = A97B467E179ACAA10062ACE2 /* picture.png */; };
		A97B4681179AD8460062ACE2 /* gardiant.png in Resources */ = {isa = PBXBuildFile; fileRef = A97B4680179AD8460062ACE2 /* gardiant.png */; };
		A981A9BA174C17580001BE23 /* AFHTTPClient.m in Sources */ = {isa = PBXBuildFile; fileRef = A981A9A8174C17580001BE23 /* AFHTTPClient.m */; };
		A981A9BB174C17580001BE23 /* AFHTTPRequestOperation.m in Sources */ = {isa = PBXBuildFile; fileRef = A981A9AA174C17580001BE23 /* AFHTTPRequestOperation.m */; };
		A981A9BC174C17580001BE23 /* AFImageRequestOperation.m in Sources */ = {isa = PBXBuildFile; fileRef = A981A9AC174C17580001BE23 /* AFImageRequestOperation.m */; };
		A981A9BD174C17580001BE23 /* AFJSONRequestOperation.m in Sources */ = {isa = PBXBuildFile; fileRef = A981A9AE174C17580001BE23 /* AFJSONRequestOperation.m */; };
		A981A9BE174C17580001BE23 /* AFNetworkActivityIndicatorManager.m in Sources */ = {isa = PBXBuildFile; fileRef = A981A9B0174C17580001BE23 /* AFNetworkActivityIndicatorManager.m */; };
		A981A9BF174C17580001BE23 /* AFPropertyListRequestOperation.m in Sources */ = {isa = PBXBuildFile; fileRef = A981A9B3174C17580001BE23 /* AFPropertyListRequestOperation.m */; };
		A981A9C0174C17580001BE23 /* AFURLConnectionOperation.m in Sources */ = {isa = PBXBuildFile; fileRef = A981A9B5174C17580001BE23 /* AFURLConnectionOperation.m */; };
		A981A9C1174C17580001BE23 /* AFXMLRequestOperation.m in Sources */ = {isa = PBXBuildFile; fileRef = A981A9B7174C17580001BE23 /* AFXMLRequestOperation.m */; };
		A981A9C2174C17580001BE23 /* UIImageView+AFNetworking.m in Sources */ = {isa = PBXBuildFile; fileRef = A981A9B9174C17580001BE23 /* UIImageView+AFNetworking.m */; };
		A981A9C4174C19050001BE23 /* SystemConfiguration.framework in Frameworks */ = {isa = PBXBuildFile; fileRef = A981A9C3174C19050001BE23 /* SystemConfiguration.framework */; };
		A992BD4917C609FC001ADE67 /* ajout_photo@2x.png in Resources */ = {isa = PBXBuildFile; fileRef = A992BD4817C609FC001ADE67 /* ajout_photo@2x.png */; };
		A994546418117EAE00E19FBA /* Constants.m in Sources */ = {isa = PBXBuildFile; fileRef = A994546318117EAE00E19FBA /* Constants.m */; };
		A9966840176880C200D4E99F /* ImageIO.framework in Frameworks */ = {isa = PBXBuildFile; fileRef = A996683F176880C200D4E99F /* ImageIO.framework */; };
		A99759231758E8F50080C668 /* profile_picture.png in Resources */ = {isa = PBXBuildFile; fileRef = A99759221758E8F50080C668 /* profile_picture.png */; };
		A9975925175900670080C668 /* edit.png in Resources */ = {isa = PBXBuildFile; fileRef = A9975924175900670080C668 /* edit.png */; };
		A998295E1758A578006949EE /* libMBProgressHUD.a in Frameworks */ = {isa = PBXBuildFile; fileRef = A998295B1758A543006949EE /* libMBProgressHUD.a */; };
		A9BAB61E181689A500E85420 /* fleche.png in Resources */ = {isa = PBXBuildFile; fileRef = A9BAB61C181689A500E85420 /* fleche.png */; };
		A9BAB61F181689A500E85420 /* fleche@2x.png in Resources */ = {isa = PBXBuildFile; fileRef = A9BAB61D181689A500E85420 /* fleche@2x.png */; };
		A9C3E9FC17DF3268006A99F8 /* CarteViewController.m in Sources */ = {isa = PBXBuildFile; fileRef = A9C3E9FB17DF3268006A99F8 /* CarteViewController.m */; };
		A9C3EA0217DF50CE006A99F8 /* PointAnnotation.m in Sources */ = {isa = PBXBuildFile; fileRef = A9C3EA0117DF50CE006A99F8 /* PointAnnotation.m */; };
		A9C930C81758D9CB00B04CA9 /* CommentCell.m in Sources */ = {isa = PBXBuildFile; fileRef = A9C930C71758D9CB00B04CA9 /* CommentCell.m */; };
		A9C930CA1758D9E800B04CA9 /* CommentCell.xib in Resources */ = {isa = PBXBuildFile; fileRef = A9C930C91758D9E800B04CA9 /* CommentCell.xib */; };
		A9CC205617E86876003A153A /* MeViewController.m in Sources */ = {isa = PBXBuildFile; fileRef = A9CC205517E86876003A153A /* MeViewController.m */; };
		A9D1EB7417D89CF10096D570 /* Sprayerz.ttf in Resources */ = {isa = PBXBuildFile; fileRef = A9D1EB7217D899480096D570 /* Sprayerz.ttf */; };
		A9D1EB7617D8A0220096D570 /* kshandwrt.ttf in Resources */ = {isa = PBXBuildFile; fileRef = A9D1EB7517D8A01A0096D570 /* kshandwrt.ttf */; };
		A9D1EB7817D8A5B20096D570 /* graffont.ttf in Resources */ = {isa = PBXBuildFile; fileRef = A9D1EB7717D8A5610096D570 /* graffont.ttf */; };
		A9D1EB7A17D8A5E70096D570 /* GraffCaps.ttf in Resources */ = {isa = PBXBuildFile; fileRef = A9D1EB7917D8A5E30096D570 /* GraffCaps.ttf */; };
		A9D1EB7D17D8A7600096D570 /* YouKnowIt.ttf in Resources */ = {isa = PBXBuildFile; fileRef = A9D1EB7C17D8A7170096D570 /* YouKnowIt.ttf */; };
		A9D39F2A17C4AD0500A239F9 /* ajout_photo.png in Resources */ = {isa = PBXBuildFile; fileRef = A9D39F2917C4AD0500A239F9 /* ajout_photo.png */; };
		A9D39F2C17C4B14D00A239F9 /* bg_hachure.png in Resources */ = {isa = PBXBuildFile; fileRef = A9D39F2B17C4B14D00A239F9 /* bg_hachure.png */; };
		A9D39F3217C4D62100A239F9 /* Names.m in Sources */ = {isa = PBXBuildFile; fileRef = A9D39F2F17C4CEBC00A239F9 /* Names.m */; };
		A9D39F3317C4D62200A239F9 /* TITokenField.m in Sources */ = {isa = PBXBuildFile; fileRef = A9D39F3117C4CEBC00A239F9 /* TITokenField.m */; };
		A9EBBF6417CF7C140004BE68 /* Press.m in Sources */ = {isa = PBXBuildFile; fileRef = A9EBBF6317CF7C140004BE68 /* Press.m */; };
		A9F1FA3317456E9800269A5A /* UIKit.framework in Frameworks */ = {isa = PBXBuildFile; fileRef = A9F1FA3217456E9800269A5A /* UIKit.framework */; };
		A9F1FA3517456E9800269A5A /* Foundation.framework in Frameworks */ = {isa = PBXBuildFile; fileRef = A9F1FA3417456E9800269A5A /* Foundation.framework */; };
		A9F1FA3717456E9800269A5A /* CoreGraphics.framework in Frameworks */ = {isa = PBXBuildFile; fileRef = A9F1FA3617456E9800269A5A /* CoreGraphics.framework */; };
		A9F1FA3D17456E9800269A5A /* InfoPlist.strings in Resources */ = {isa = PBXBuildFile; fileRef = A9F1FA3B17456E9800269A5A /* InfoPlist.strings */; };
		A9F1FA3F17456E9800269A5A /* main.m in Sources */ = {isa = PBXBuildFile; fileRef = A9F1FA3E17456E9800269A5A /* main.m */; };
		A9F1FA4317456E9800269A5A /* AppDelegate.m in Sources */ = {isa = PBXBuildFile; fileRef = A9F1FA4217456E9800269A5A /* AppDelegate.m */; };
		A9F1FA4517456E9800269A5A /* Default.png in Resources */ = {isa = PBXBuildFile; fileRef = A9F1FA4417456E9800269A5A /* Default.png */; };
		A9F1FA4717456E9800269A5A /* Default@2x.png in Resources */ = {isa = PBXBuildFile; fileRef = A9F1FA4617456E9800269A5A /* Default@2x.png */; };
		A9F1FA4917456E9800269A5A /* Default-568h@2x.png in Resources */ = {isa = PBXBuildFile; fileRef = A9F1FA4817456E9800269A5A /* Default-568h@2x.png */; };
		A9F1FA4C17456E9800269A5A /* MainStoryboard.storyboard in Resources */ = {isa = PBXBuildFile; fileRef = A9F1FA4A17456E9800269A5A /* MainStoryboard.storyboard */; };
		A9F1FA4F17456E9800269A5A /* ViewController.m in Sources */ = {isa = PBXBuildFile; fileRef = A9F1FA4E17456E9800269A5A /* ViewController.m */; };
		A9F1FA5717456EE600269A5A /* splash2.png in Resources */ = {isa = PBXBuildFile; fileRef = A9F1FA5617456EE600269A5A /* splash2.png */; };
		A9F1FA5A17456F3A00269A5A /* bt-fb.png in Resources */ = {isa = PBXBuildFile; fileRef = A9F1FA5817456F3A00269A5A /* bt-fb.png */; };
		A9F1FA5B17456F3A00269A5A /* bt-google.png in Resources */ = {isa = PBXBuildFile; fileRef = A9F1FA5917456F3A00269A5A /* bt-google.png */; };
		A9F1FA641745748C00269A5A /* bkg-blanc-graf-iphone.png in Resources */ = {isa = PBXBuildFile; fileRef = A9F1FA621745748C00269A5A /* bkg-blanc-graf-iphone.png */; };
		A9F1FA651745748C00269A5A /* bkg-black-graf-iphone.png in Resources */ = {isa = PBXBuildFile; fileRef = A9F1FA631745748C00269A5A /* bkg-black-graf-iphone.png */; };
		A9F1FA681745773700269A5A /* GalleryViewController.m in Sources */ = {isa = PBXBuildFile; fileRef = A9F1FA671745773700269A5A /* GalleryViewController.m */; };
		A9F1FA6C17457F9900269A5A /* separator.png in Resources */ = {isa = PBXBuildFile; fileRef = A9F1FA6B17457F9900269A5A /* separator.png */; };
		A9F1FA711745804C00269A5A /* comment-black.png in Resources */ = {isa = PBXBuildFile; fileRef = A9F1FA6D1745804C00269A5A /* comment-black.png */; };
		A9F1FA721745804C00269A5A /* date.png in Resources */ = {isa = PBXBuildFile; fileRef = A9F1FA6E1745804C00269A5A /* date.png */; };
		A9F1FA731745804C00269A5A /* category.png in Resources */ = {isa = PBXBuildFile; fileRef = A9F1FA6F1745804C00269A5A /* category.png */; };
		A9F1FA741745804C00269A5A /* locate.png in Resources */ = {isa = PBXBuildFile; fileRef = A9F1FA701745804C00269A5A /* locate.png */; };
		A9F1FA791745823C00269A5A /* PhotoViewController.m in Sources */ = {isa = PBXBuildFile; fileRef = A9F1FA781745823C00269A5A /* PhotoViewController.m */; };
		A9F1FA7B1745844E00269A5A /* MapKit.framework in Frameworks */ = {isa = PBXBuildFile; fileRef = A9F1FA7A1745844E00269A5A /* MapKit.framework */; };
		A9F1FA7D174584C000269A5A /* CoreLocation.framework in Frameworks */ = {isa = PBXBuildFile; fileRef = A9F1FA7C174584C000269A5A /* CoreLocation.framework */; };
		A9F40D53175B70350067D35E /* Base64.m in Sources */ = {isa = PBXBuildFile; fileRef = A9F40D52175B70350067D35E /* Base64.m */; };
		A9FFA7761757A47D00AE8495 /* MobileCoreServices.framework in Frameworks */ = {isa = PBXBuildFile; fileRef = A9FFA7751757A47D00AE8495 /* MobileCoreServices.framework */; };
		A9FFA7791757A74000AE8495 /* Reachability.m in Sources */ = {isa = PBXBuildFile; fileRef = A9FFA7781757A74000AE8495 /* Reachability.m */; };
		A9FFA77D1757A81000AE8495 /* SIAlertView.m in Sources */ = {isa = PBXBuildFile; fileRef = A9FFA77C1757A81000AE8495 /* SIAlertView.m */; };
		A9FFA77F1757A81900AE8495 /* QuartzCore.framework in Frameworks */ = {isa = PBXBuildFile; fileRef = A9FFA77E1757A81900AE8495 /* QuartzCore.framework */; };
/* End PBXBuildFile section */

/* Begin PBXContainerItemProxy section */
		A998295A1758A543006949EE /* PBXContainerItemProxy */ = {
			isa = PBXContainerItemProxy;
			containerPortal = A99829561758A542006949EE /* MBProgressHUD.xcodeproj */;
			proxyType = 2;
			remoteGlobalIDString = D286A7491518C70F00E13FB8;
			remoteInfo = MBProgressHUD;
		};
		A998295C1758A573006949EE /* PBXContainerItemProxy */ = {
			isa = PBXContainerItemProxy;
			containerPortal = A99829561758A542006949EE /* MBProgressHUD.xcodeproj */;
			proxyType = 1;
			remoteGlobalIDString = D286A7481518C70F00E13FB8;
			remoteInfo = MBProgressHUD;
		};
/* End PBXContainerItemProxy section */

/* Begin PBXFileReference section */
		A903FBA817CE04D4005EED4C /* galerie-off@2x.png */ = {isa = PBXFileReference; lastKnownFileType = image.png; path = "galerie-off@2x.png"; sourceTree = "<group>"; };
		A903FBA917CE04D4005EED4C /* MVSappm_fonct_profil.png */ = {isa = PBXFileReference; lastKnownFileType = image.png; path = MVSappm_fonct_profil.png; sourceTree = "<group>"; };
		A903FBAA17CE04D4005EED4C /* MVSappm_fonct_profil@2x.png */ = {isa = PBXFileReference; lastKnownFileType = image.png; path = "MVSappm_fonct_profil@2x.png"; sourceTree = "<group>"; };
		A903FBAB17CE04D4005EED4C /* photos.png */ = {isa = PBXFileReference; lastKnownFileType = image.png; path = photos.png; sourceTree = "<group>"; };
		A903FBAC17CE04D4005EED4C /* photos@2x.png */ = {isa = PBXFileReference; lastKnownFileType = image.png; path = "photos@2x.png"; sourceTree = "<group>"; };
		A903FBBE17CE0D06005EED4C /* ic_geoloc.png */ = {isa = PBXFileReference; lastKnownFileType = image.png; path = ic_geoloc.png; sourceTree = "<group>"; };
		A903FBBF17CE0D06005EED4C /* ic_geoloc@2x.png */ = {isa = PBXFileReference; lastKnownFileType = image.png; path = "ic_geoloc@2x.png"; sourceTree = "<group>"; };
		A903FBC017CE0D07005EED4C /* ic_like.png */ = {isa = PBXFileReference; lastKnownFileType = image.png; path = ic_like.png; sourceTree = "<group>"; };
		A903FBC117CE0D07005EED4C /* ic_like@2x.png */ = {isa = PBXFileReference; lastKnownFileType = image.png; path = "ic_like@2x.png"; sourceTree = "<group>"; };
		A903FBCA17CE1227005EED4C /* bg_btn@2x-1.png */ = {isa = PBXFileReference; lastKnownFileType = image.png; path = "bg_btn@2x-1.png"; sourceTree = "<group>"; };
		A903FBCB17CE1227005EED4C /* bg_btn-1.png */ = {isa = PBXFileReference; lastKnownFileType = image.png; path = "bg_btn-1.png"; sourceTree = "<group>"; };
		A903FBCE17CE2ED6005EED4C /* arrow.png */ = {isa = PBXFileReference; lastKnownFileType = image.png; path = arrow.png; sourceTree = "<group>"; };
		A903FBCF17CE2ED9005EED4C /* arrow@2x.png */ = {isa = PBXFileReference; lastKnownFileType = image.png; path = "arrow@2x.png"; sourceTree = "<group>"; };
		A903FBD217CE2F0E005EED4C /* meslike_off.png */ = {isa = PBXFileReference; lastKnownFileType = image.png; path = meslike_off.png; sourceTree = "<group>"; };
		A903FBD317CE2F11005EED4C /* meslike_off@2x.png */ = {isa = PBXFileReference; lastKnownFileType = image.png; path = "meslike_off@2x.png"; sourceTree = "<group>"; };
		A903FBD417CE2F13005EED4C /* meslike_on.png */ = {isa = PBXFileReference; lastKnownFileType = image.png; path = meslike_on.png; sourceTree = "<group>"; };
		A903FBD517CE2F14005EED4C /* meslike_on@2x.png */ = {isa = PBXFileReference; lastKnownFileType = image.png; path = "meslike_on@2x.png"; sourceTree = "<group>"; };
		A903FBD617CE2F16005EED4C /* mesphotos_off.png */ = {isa = PBXFileReference; lastKnownFileType = image.png; path = mesphotos_off.png; sourceTree = "<group>"; };
		A903FBD717CE2F17005EED4C /* mesphotos_off@2x.png */ = {isa = PBXFileReference; lastKnownFileType = image.png; path = "mesphotos_off@2x.png"; sourceTree = "<group>"; };
		A903FBD817CE2F19005EED4C /* mesphotos_on.png */ = {isa = PBXFileReference; lastKnownFileType = image.png; path = mesphotos_on.png; sourceTree = "<group>"; };
		A903FBD917CE2F1A005EED4C /* mesphotos_on@2x.png */ = {isa = PBXFileReference; lastKnownFileType = image.png; path = "mesphotos_on@2x.png"; sourceTree = "<group>"; };
		A903FBE217CE371C005EED4C /* marqueur_profil.png */ = {isa = PBXFileReference; lastKnownFileType = image.png; path = marqueur_profil.png; sourceTree = "<group>"; };
		A903FBE317CE371F005EED4C /* marqueur_profil@2x.png */ = {isa = PBXFileReference; lastKnownFileType = image.png; path = "marqueur_profil@2x.png"; sourceTree = "<group>"; };
		A904F620180C04E50034DCA4 /* Tunisia.gpx */ = {isa = PBXFileReference; fileEncoding = 4; lastKnownFileType = text.xml; path = Tunisia.gpx; sourceTree = "<group>"; };
		A90F0E2B17E3257E00C54404 /* ic_ghostblanc.png */ = {isa = PBXFileReference; lastKnownFileType = image.png; path = ic_ghostblanc.png; sourceTree = "<group>"; };
		A90F0E2C17E3257E00C54404 /* ic_ghostblanc@2x.png */ = {isa = PBXFileReference; lastKnownFileType = image.png; path = "ic_ghostblanc@2x.png"; sourceTree = "<group>"; };
		A90F0E2F17E32C7100C54404 /* ic_coeurbrise.png */ = {isa = PBXFileReference; lastKnownFileType = image.png; path = ic_coeurbrise.png; sourceTree = "<group>"; };
		A90F0E3017E32C7100C54404 /* ic_coeurbrise@2x.png */ = {isa = PBXFileReference; lastKnownFileType = image.png; path = "ic_coeurbrise@2x.png"; sourceTree = "<group>"; };
		A912753717DDFEDB00334DCD /* ic_marker.png */ = {isa = PBXFileReference; lastKnownFileType = image.png; path = ic_marker.png; sourceTree = "<group>"; };
		A912753817DDFEDD00334DCD /* ic_marker@2x.png */ = {isa = PBXFileReference; lastKnownFileType = image.png; path = "ic_marker@2x.png"; sourceTree = "<group>"; };
		A912753B17DE0E0200334DCD /* FullScreenViewController.h */ = {isa = PBXFileReference; fileEncoding = 4; lastKnownFileType = sourcecode.c.h; path = FullScreenViewController.h; sourceTree = "<group>"; };
		A912753C17DE0E0200334DCD /* FullScreenViewController.m */ = {isa = PBXFileReference; fileEncoding = 4; lastKnownFileType = sourcecode.c.objc; path = FullScreenViewController.m; sourceTree = "<group>"; };
		A914C35C17C3860B005142A7 /* ic_graffitounes_57.png */ = {isa = PBXFileReference; lastKnownFileType = image.png; path = ic_graffitounes_57.png; sourceTree = "<group>"; };
		A914C35E17C38614005142A7 /* ic_graffitounes_114.png */ = {isa = PBXFileReference; lastKnownFileType = image.png; path = ic_graffitounes_114.png; sourceTree = "<group>"; };
		A916CFF1175A63A100494C1A /* shareBG.png */ = {isa = PBXFileReference; lastKnownFileType = image.png; path = shareBG.png; sourceTree = "<group>"; };
		A917BE3A176B5BD80011C7DC /* Default.png */ = {isa = PBXFileReference; lastKnownFileType = image.png; path = Default.png; sourceTree = "<group>"; };
		A917BE3C176B5C000011C7DC /* Default@2x.png */ = {isa = PBXFileReference; lastKnownFileType = image.png; path = "Default@2x.png"; sourceTree = "<group>"; };
		A917BE3F176B62E90011C7DC /* ProfilePictureCell.xib */ = {isa = PBXFileReference; fileEncoding = 4; lastKnownFileType = file.xib; path = ProfilePictureCell.xib; sourceTree = "<group>"; };
		A917BE41176B643E0011C7DC /* PictureProfileCell.h */ = {isa = PBXFileReference; fileEncoding = 4; lastKnownFileType = sourcecode.c.h; path = PictureProfileCell.h; sourceTree = "<group>"; };
		A917BE42176B643E0011C7DC /* PictureProfileCell.m */ = {isa = PBXFileReference; fileEncoding = 4; lastKnownFileType = sourcecode.c.objc; path = PictureProfileCell.m; sourceTree = "<group>"; };
		A922A49E1767823B0084418F /* FacebookSDK.framework */ = {isa = PBXFileReference; lastKnownFileType = wrapper.framework; path = FacebookSDK.framework; sourceTree = "<group>"; };
		A922A4A01767827D0084418F /* FacebookSDKResources.bundle */ = {isa = PBXFileReference; lastKnownFileType = "wrapper.plug-in"; path = FacebookSDKResources.bundle; sourceTree = "<group>"; };
		A922A4A2176782AA0084418F /* Accounts.framework */ = {isa = PBXFileReference; lastKnownFileType = wrapper.framework; name = Accounts.framework; path = System/Library/Frameworks/Accounts.framework; sourceTree = SDKROOT; };
		A922A4A4176782B10084418F /* AdSupport.framework */ = {isa = PBXFileReference; lastKnownFileType = wrapper.framework; name = AdSupport.framework; path = System/Library/Frameworks/AdSupport.framework; sourceTree = SDKROOT; };
		A922A4A6176782BB0084418F /* Security.framework */ = {isa = PBXFileReference; lastKnownFileType = wrapper.framework; name = Security.framework; path = System/Library/Frameworks/Security.framework; sourceTree = SDKROOT; };
		A922A4A8176782C40084418F /* Social.framework */ = {isa = PBXFileReference; lastKnownFileType = wrapper.framework; name = Social.framework; path = System/Library/Frameworks/Social.framework; sourceTree = SDKROOT; };
		A922A4AA176782CF0084418F /* libsqlite3.dylib */ = {isa = PBXFileReference; lastKnownFileType = "compiled.mach-o.dylib"; name = libsqlite3.dylib; path = usr/lib/libsqlite3.dylib; sourceTree = SDKROOT; };
		A927490618181CAA008B310A /* Default@2x.png */ = {isa = PBXFileReference; lastKnownFileType = image.png; path = "Default@2x.png"; sourceTree = "<group>"; };
		A94292A917E0A9D300E0D8A5 /* ic_map.png */ = {isa = PBXFileReference; lastKnownFileType = image.png; path = ic_map.png; sourceTree = "<group>"; };
		A94292AA17E0A9D300E0D8A5 /* ic_map@2x.png */ = {isa = PBXFileReference; lastKnownFileType = image.png; path = "ic_map@2x.png"; sourceTree = "<group>"; };
		A94292AD17E0AD0200E0D8A5 /* ic_facebook.png */ = {isa = PBXFileReference; lastKnownFileType = image.png; path = ic_facebook.png; sourceTree = "<group>"; };
		A94292AE17E0AD0200E0D8A5 /* ic_facebook@2x.png */ = {isa = PBXFileReference; lastKnownFileType = image.png; path = "ic_facebook@2x.png"; sourceTree = "<group>"; };
		A9454E0517CD020D008E4EA4 /* MapViewController.h */ = {isa = PBXFileReference; fileEncoding = 4; lastKnownFileType = sourcecode.c.h; path = MapViewController.h; sourceTree = "<group>"; };
		A9454E0617CD020D008E4EA4 /* MapViewController.m */ = {isa = PBXFileReference; fileEncoding = 4; lastKnownFileType = sourcecode.c.objc; path = MapViewController.m; sourceTree = "<group>"; };
		A945885417A954FF0097B219 /* bg_comment.png */ = {isa = PBXFileReference; lastKnownFileType = image.png; path = bg_comment.png; sourceTree = "<group>"; };
		A945885617A955120097B219 /* ic_envoyer.png */ = {isa = PBXFileReference; lastKnownFileType = image.png; path = ic_envoyer.png; sourceTree = "<group>"; };
		A945885717A955120097B219 /* marqueur_graffi.png */ = {isa = PBXFileReference; lastKnownFileType = image.png; path = marqueur_graffi.png; sourceTree = "<group>"; };
		A94837DB17D0A02200072135 /* poubelle.png */ = {isa = PBXFileReference; lastKnownFileType = image.png; path = poubelle.png; sourceTree = "<group>"; };
		A94837DD17D0A02A00072135 /* poubelle@2x.png */ = {isa = PBXFileReference; lastKnownFileType = image.png; path = "poubelle@2x.png"; sourceTree = "<group>"; };
		A94837DF17D0A03300072135 /* btn_fermer.png */ = {isa = PBXFileReference; lastKnownFileType = image.png; path = btn_fermer.png; sourceTree = "<group>"; };
		A94837E017D0A03300072135 /* btn_fermer@2x.png */ = {isa = PBXFileReference; lastKnownFileType = image.png; path = "btn_fermer@2x.png"; sourceTree = "<group>"; };
		A9555EF617F0974800EE91BF /* btn_fermer-2.png */ = {isa = PBXFileReference; lastKnownFileType = image.png; path = "btn_fermer-2.png"; sourceTree = "<group>"; };
		A9555EF717F0974800EE91BF /* btn_fermer@2x-1.png */ = {isa = PBXFileReference; lastKnownFileType = image.png; path = "btn_fermer@2x-1.png"; sourceTree = "<group>"; };
		A96450561757B28600293A32 /* DetailImageViewController.h */ = {isa = PBXFileReference; fileEncoding = 4; lastKnownFileType = sourcecode.c.h; name = DetailImageViewController.h; path = ../DetailImageViewController.h; sourceTree = "<group>"; };
		A96450571757B28600293A32 /* DetailImageViewController.m */ = {isa = PBXFileReference; fileEncoding = 4; lastKnownFileType = sourcecode.c.objc; name = DetailImageViewController.m; path = ../DetailImageViewController.m; sourceTree = "<group>"; };
		A96450591757B41900293A32 /* coeur-liste-red.png */ = {isa = PBXFileReference; lastKnownFileType = image.png; path = "coeur-liste-red.png"; sourceTree = "<group>"; };
		A964505B1757B52A00293A32 /* BGBtn.png */ = {isa = PBXFileReference; lastKnownFileType = image.png; path = BGBtn.png; sourceTree = "<group>"; };
		A964505D1757B5B100293A32 /* picto-bt-jaime.png */ = {isa = PBXFileReference; lastKnownFileType = image.png; path = "picto-bt-jaime.png"; sourceTree = "<group>"; };
		A964505E1757B5B100293A32 /* ghost.png */ = {isa = PBXFileReference; lastKnownFileType = image.png; path = ghost.png; sourceTree = "<group>"; };
		A96B79451819157500A4876F /* Graffitounes_navbar.png */ = {isa = PBXFileReference; lastKnownFileType = image.png; path = Graffitounes_navbar.png; sourceTree = "<group>"; };
		A96B79461819157500A4876F /* Graffitounes@2x.png */ = {isa = PBXFileReference; lastKnownFileType = image.png; path = "Graffitounes@2x.png"; sourceTree = "<group>"; };
		A96BA1BD17590CB4006D5A7A /* CommetaireViewController.h */ = {isa = PBXFileReference; fileEncoding = 4; lastKnownFileType = sourcecode.c.h; path = CommetaireViewController.h; sourceTree = "<group>"; };
		A96BA1BE17590CB4006D5A7A /* CommetaireViewController.m */ = {isa = PBXFileReference; fileEncoding = 4; lastKnownFileType = sourcecode.c.objc; path = CommetaireViewController.m; sourceTree = "<group>"; };
		A9787615174687B000D61DE0 /* Images.h */ = {isa = PBXFileReference; fileEncoding = 4; lastKnownFileType = sourcecode.c.h; path = Images.h; sourceTree = "<group>"; };
		A9787616174687B000D61DE0 /* Images.m */ = {isa = PBXFileReference; fileEncoding = 4; lastKnownFileType = sourcecode.c.objc; path = Images.m; sourceTree = "<group>"; };
		A97876181746977D00D61DE0 /* ImageCell.xib */ = {isa = PBXFileReference; fileEncoding = 4; lastKnownFileType = file.xib; path = ImageCell.xib; sourceTree = "<group>"; };
		A978761A174697C100D61DE0 /* ImageCellViewController.h */ = {isa = PBXFileReference; fileEncoding = 4; lastKnownFileType = sourcecode.c.h; path = ImageCellViewController.h; sourceTree = "<group>"; };
		A978761B174697C100D61DE0 /* ImageCellViewController.m */ = {isa = PBXFileReference; fileEncoding = 4; lastKnownFileType = sourcecode.c.objc; path = ImageCellViewController.m; sourceTree = "<group>"; };
		A97B467E179ACAA10062ACE2 /* picture.png */ = {isa = PBXFileReference; lastKnownFileType = image.png; path = picture.png; sourceTree = "<group>"; };
		A97B4680179AD8460062ACE2 /* gardiant.png */ = {isa = PBXFileReference; lastKnownFileType = image.png; path = gardiant.png; sourceTree = "<group>"; };
		A981A9A7174C17580001BE23 /* AFHTTPClient.h */ = {isa = PBXFileReference; fileEncoding = 4; lastKnownFileType = sourcecode.c.h; path = AFHTTPClient.h; sourceTree = "<group>"; };
		A981A9A8174C17580001BE23 /* AFHTTPClient.m */ = {isa = PBXFileReference; fileEncoding = 4; lastKnownFileType = sourcecode.c.objc; path = AFHTTPClient.m; sourceTree = "<group>"; };
		A981A9A9174C17580001BE23 /* AFHTTPRequestOperation.h */ = {isa = PBXFileReference; fileEncoding = 4; lastKnownFileType = sourcecode.c.h; path = AFHTTPRequestOperation.h; sourceTree = "<group>"; };
		A981A9AA174C17580001BE23 /* AFHTTPRequestOperation.m */ = {isa = PBXFileReference; fileEncoding = 4; lastKnownFileType = sourcecode.c.objc; path = AFHTTPRequestOperation.m; sourceTree = "<group>"; };
		A981A9AB174C17580001BE23 /* AFImageRequestOperation.h */ = {isa = PBXFileReference; fileEncoding = 4; lastKnownFileType = sourcecode.c.h; path = AFImageRequestOperation.h; sourceTree = "<group>"; };
		A981A9AC174C17580001BE23 /* AFImageRequestOperation.m */ = {isa = PBXFileReference; fileEncoding = 4; lastKnownFileType = sourcecode.c.objc; path = AFImageRequestOperation.m; sourceTree = "<group>"; };
		A981A9AD174C17580001BE23 /* AFJSONRequestOperation.h */ = {isa = PBXFileReference; fileEncoding = 4; lastKnownFileType = sourcecode.c.h; path = AFJSONRequestOperation.h; sourceTree = "<group>"; };
		A981A9AE174C17580001BE23 /* AFJSONRequestOperation.m */ = {isa = PBXFileReference; fileEncoding = 4; lastKnownFileType = sourcecode.c.objc; path = AFJSONRequestOperation.m; sourceTree = "<group>"; };
		A981A9AF174C17580001BE23 /* AFNetworkActivityIndicatorManager.h */ = {isa = PBXFileReference; fileEncoding = 4; lastKnownFileType = sourcecode.c.h; path = AFNetworkActivityIndicatorManager.h; sourceTree = "<group>"; };
		A981A9B0174C17580001BE23 /* AFNetworkActivityIndicatorManager.m */ = {isa = PBXFileReference; fileEncoding = 4; lastKnownFileType = sourcecode.c.objc; path = AFNetworkActivityIndicatorManager.m; sourceTree = "<group>"; };
		A981A9B1174C17580001BE23 /* AFNetworking.h */ = {isa = PBXFileReference; fileEncoding = 4; lastKnownFileType = sourcecode.c.h; path = AFNetworking.h; sourceTree = "<group>"; };
		A981A9B2174C17580001BE23 /* AFPropertyListRequestOperation.h */ = {isa = PBXFileReference; fileEncoding = 4; lastKnownFileType = sourcecode.c.h; path = AFPropertyListRequestOperation.h; sourceTree = "<group>"; };
		A981A9B3174C17580001BE23 /* AFPropertyListRequestOperation.m */ = {isa = PBXFileReference; fileEncoding = 4; lastKnownFileType = sourcecode.c.objc; path = AFPropertyListRequestOperation.m; sourceTree = "<group>"; };
		A981A9B4174C17580001BE23 /* AFURLConnectionOperation.h */ = {isa = PBXFileReference; fileEncoding = 4; lastKnownFileType = sourcecode.c.h; path = AFURLConnectionOperation.h; sourceTree = "<group>"; };
		A981A9B5174C17580001BE23 /* AFURLConnectionOperation.m */ = {isa = PBXFileReference; fileEncoding = 4; lastKnownFileType = sourcecode.c.objc; path = AFURLConnectionOperation.m; sourceTree = "<group>"; };
		A981A9B6174C17580001BE23 /* AFXMLRequestOperation.h */ = {isa = PBXFileReference; fileEncoding = 4; lastKnownFileType = sourcecode.c.h; path = AFXMLRequestOperation.h; sourceTree = "<group>"; };
		A981A9B7174C17580001BE23 /* AFXMLRequestOperation.m */ = {isa = PBXFileReference; fileEncoding = 4; lastKnownFileType = sourcecode.c.objc; path = AFXMLRequestOperation.m; sourceTree = "<group>"; };
		A981A9B8174C17580001BE23 /* UIImageView+AFNetworking.h */ = {isa = PBXFileReference; fileEncoding = 4; lastKnownFileType = sourcecode.c.h; path = "UIImageView+AFNetworking.h"; sourceTree = "<group>"; };
		A981A9B9174C17580001BE23 /* UIImageView+AFNetworking.m */ = {isa = PBXFileReference; fileEncoding = 4; lastKnownFileType = sourcecode.c.objc; path = "UIImageView+AFNetworking.m"; sourceTree = "<group>"; };
		A981A9C3174C19050001BE23 /* SystemConfiguration.framework */ = {isa = PBXFileReference; lastKnownFileType = wrapper.framework; name = SystemConfiguration.framework; path = System/Library/Frameworks/SystemConfiguration.framework; sourceTree = SDKROOT; };
		A992BD4817C609FC001ADE67 /* ajout_photo@2x.png */ = {isa = PBXFileReference; lastKnownFileType = image.png; path = "ajout_photo@2x.png"; sourceTree = "<group>"; };
		A994546218117EAE00E19FBA /* Constants.h */ = {isa = PBXFileReference; fileEncoding = 4; lastKnownFileType = sourcecode.c.h; path = Constants.h; sourceTree = "<group>"; };
		A994546318117EAE00E19FBA /* Constants.m */ = {isa = PBXFileReference; fileEncoding = 4; lastKnownFileType = sourcecode.c.objc; path = Constants.m; sourceTree = "<group>"; };
		A996683F176880C200D4E99F /* ImageIO.framework */ = {isa = PBXFileReference; lastKnownFileType = wrapper.framework; name = ImageIO.framework; path = System/Library/Frameworks/ImageIO.framework; sourceTree = SDKROOT; };
		A99759221758E8F50080C668 /* profile_picture.png */ = {isa = PBXFileReference; lastKnownFileType = image.png; path = profile_picture.png; sourceTree = "<group>"; };
		A9975924175900670080C668 /* edit.png */ = {isa = PBXFileReference; lastKnownFileType = image.png; path = edit.png; sourceTree = "<group>"; };
		A99829561758A542006949EE /* MBProgressHUD.xcodeproj */ = {isa = PBXFileReference; lastKnownFileType = "wrapper.pb-project"; name = MBProgressHUD.xcodeproj; path = "../../../Downloads/MBProgressHUD-master/MBProgressHUD.xcodeproj"; sourceTree = "<group>"; };
		A9BAB61C181689A500E85420 /* fleche.png */ = {isa = PBXFileReference; lastKnownFileType = image.png; path = fleche.png; sourceTree = "<group>"; };
		A9BAB61D181689A500E85420 /* fleche@2x.png */ = {isa = PBXFileReference; lastKnownFileType = image.png; path = "fleche@2x.png"; sourceTree = "<group>"; };
		A9C3E9FA17DF3268006A99F8 /* CarteViewController.h */ = {isa = PBXFileReference; fileEncoding = 4; lastKnownFileType = sourcecode.c.h; path = CarteViewController.h; sourceTree = "<group>"; };
		A9C3E9FB17DF3268006A99F8 /* CarteViewController.m */ = {isa = PBXFileReference; fileEncoding = 4; lastKnownFileType = sourcecode.c.objc; path = CarteViewController.m; sourceTree = "<group>"; };
		A9C3EA0017DF50CE006A99F8 /* PointAnnotation.h */ = {isa = PBXFileReference; fileEncoding = 4; lastKnownFileType = sourcecode.c.h; path = PointAnnotation.h; sourceTree = "<group>"; };
		A9C3EA0117DF50CE006A99F8 /* PointAnnotation.m */ = {isa = PBXFileReference; fileEncoding = 4; lastKnownFileType = sourcecode.c.objc; path = PointAnnotation.m; sourceTree = "<group>"; };
		A9C930C61758D9CB00B04CA9 /* CommentCell.h */ = {isa = PBXFileReference; fileEncoding = 4; lastKnownFileType = sourcecode.c.h; path = CommentCell.h; sourceTree = "<group>"; };
		A9C930C71758D9CB00B04CA9 /* CommentCell.m */ = {isa = PBXFileReference; fileEncoding = 4; lastKnownFileType = sourcecode.c.objc; path = CommentCell.m; sourceTree = "<group>"; };
		A9C930C91758D9E800B04CA9 /* CommentCell.xib */ = {isa = PBXFileReference; fileEncoding = 4; lastKnownFileType = file.xib; path = CommentCell.xib; sourceTree = "<group>"; };
		A9CC205417E86876003A153A /* MeViewController.h */ = {isa = PBXFileReference; fileEncoding = 4; lastKnownFileType = sourcecode.c.h; path = MeViewController.h; sourceTree = "<group>"; };
		A9CC205517E86876003A153A /* MeViewController.m */ = {isa = PBXFileReference; fileEncoding = 4; lastKnownFileType = sourcecode.c.objc; path = MeViewController.m; sourceTree = "<group>"; };
		A9D1EB7217D899480096D570 /* Sprayerz.ttf */ = {isa = PBXFileReference; lastKnownFileType = file; path = Sprayerz.ttf; sourceTree = "<group>"; };
		A9D1EB7517D8A01A0096D570 /* kshandwrt.ttf */ = {isa = PBXFileReference; lastKnownFileType = file; path = kshandwrt.ttf; sourceTree = "<group>"; };
		A9D1EB7717D8A5610096D570 /* graffont.ttf */ = {isa = PBXFileReference; lastKnownFileType = file; path = graffont.ttf; sourceTree = "<group>"; };
		A9D1EB7917D8A5E30096D570 /* GraffCaps.ttf */ = {isa = PBXFileReference; lastKnownFileType = file; path = GraffCaps.ttf; sourceTree = "<group>"; };
		A9D1EB7B17D8A6E70096D570 /* Keep It Simple.ttf */ = {isa = PBXFileReference; lastKnownFileType = file; path = "Keep It Simple.ttf"; sourceTree = "<group>"; };
		A9D1EB7C17D8A7170096D570 /* YouKnowIt.ttf */ = {isa = PBXFileReference; lastKnownFileType = file; path = YouKnowIt.ttf; sourceTree = "<group>"; };
		A9D39F2917C4AD0500A239F9 /* ajout_photo.png */ = {isa = PBXFileReference; lastKnownFileType = image.png; path = ajout_photo.png; sourceTree = "<group>"; };
		A9D39F2B17C4B14D00A239F9 /* bg_hachure.png */ = {isa = PBXFileReference; lastKnownFileType = image.png; path = bg_hachure.png; sourceTree = "<group>"; };
		A9D39F2E17C4CEBC00A239F9 /* Names.h */ = {isa = PBXFileReference; lastKnownFileType = sourcecode.c.h; path = Names.h; sourceTree = "<group>"; };
		A9D39F2F17C4CEBC00A239F9 /* Names.m */ = {isa = PBXFileReference; lastKnownFileType = sourcecode.c.objc; path = Names.m; sourceTree = "<group>"; };
		A9D39F3017C4CEBC00A239F9 /* TITokenField.h */ = {isa = PBXFileReference; lastKnownFileType = sourcecode.c.h; path = TITokenField.h; sourceTree = "<group>"; };
		A9D39F3117C4CEBC00A239F9 /* TITokenField.m */ = {isa = PBXFileReference; lastKnownFileType = sourcecode.c.objc; path = TITokenField.m; sourceTree = "<group>"; };
		A9EBBF6217CF7C140004BE68 /* Press.h */ = {isa = PBXFileReference; fileEncoding = 4; lastKnownFileType = sourcecode.c.h; path = Press.h; sourceTree = "<group>"; };
		A9EBBF6317CF7C140004BE68 /* Press.m */ = {isa = PBXFileReference; fileEncoding = 4; lastKnownFileType = sourcecode.c.objc; path = Press.m; sourceTree = "<group>"; };
		A9F1FA2F17456E9800269A5A /* Graffitounes.app */ = {isa = PBXFileReference; explicitFileType = wrapper.application; includeInIndex = 0; path = Graffitounes.app; sourceTree = BUILT_PRODUCTS_DIR; };
		A9F1FA3217456E9800269A5A /* UIKit.framework */ = {isa = PBXFileReference; lastKnownFileType = wrapper.framework; name = UIKit.framework; path = System/Library/Frameworks/UIKit.framework; sourceTree = SDKROOT; };
		A9F1FA3417456E9800269A5A /* Foundation.framework */ = {isa = PBXFileReference; lastKnownFileType = wrapper.framework; name = Foundation.framework; path = System/Library/Frameworks/Foundation.framework; sourceTree = SDKROOT; };
		A9F1FA3617456E9800269A5A /* CoreGraphics.framework */ = {isa = PBXFileReference; lastKnownFileType = wrapper.framework; name = CoreGraphics.framework; path = System/Library/Frameworks/CoreGraphics.framework; sourceTree = SDKROOT; };
		A9F1FA3A17456E9800269A5A /* Graffitounes-Info.plist */ = {isa = PBXFileReference; lastKnownFileType = text.plist.xml; path = "Graffitounes-Info.plist"; sourceTree = "<group>"; };
		A9F1FA3C17456E9800269A5A /* en */ = {isa = PBXFileReference; lastKnownFileType = text.plist.strings; name = en; path = en.lproj/InfoPlist.strings; sourceTree = "<group>"; };
		A9F1FA3E17456E9800269A5A /* main.m */ = {isa = PBXFileReference; lastKnownFileType = sourcecode.c.objc; path = main.m; sourceTree = "<group>"; };
		A9F1FA4017456E9800269A5A /* Graffitounes-Prefix.pch */ = {isa = PBXFileReference; lastKnownFileType = sourcecode.c.h; path = "Graffitounes-Prefix.pch"; sourceTree = "<group>"; };
		A9F1FA4117456E9800269A5A /* AppDelegate.h */ = {isa = PBXFileReference; lastKnownFileType = sourcecode.c.h; path = AppDelegate.h; sourceTree = "<group>"; };
		A9F1FA4217456E9800269A5A /* AppDelegate.m */ = {isa = PBXFileReference; lastKnownFileType = sourcecode.c.objc; path = AppDelegate.m; sourceTree = "<group>"; };
		A9F1FA4417456E9800269A5A /* Default.png */ = {isa = PBXFileReference; lastKnownFileType = image.png; path = Default.png; sourceTree = "<group>"; };
		A9F1FA4617456E9800269A5A /* Default@2x.png */ = {isa = PBXFileReference; lastKnownFileType = image.png; path = "Default@2x.png"; sourceTree = "<group>"; };
		A9F1FA4817456E9800269A5A /* Default-568h@2x.png */ = {isa = PBXFileReference; lastKnownFileType = image.png; path = "Default-568h@2x.png"; sourceTree = "<group>"; };
		A9F1FA4B17456E9800269A5A /* en */ = {isa = PBXFileReference; lastKnownFileType = file.storyboard; name = en; path = en.lproj/MainStoryboard.storyboard; sourceTree = "<group>"; };
		A9F1FA4D17456E9800269A5A /* ViewController.h */ = {isa = PBXFileReference; lastKnownFileType = sourcecode.c.h; path = ViewController.h; sourceTree = "<group>"; };
		A9F1FA4E17456E9800269A5A /* ViewController.m */ = {isa = PBXFileReference; lastKnownFileType = sourcecode.c.objc; path = ViewController.m; sourceTree = "<group>"; };
		A9F1FA5617456EE600269A5A /* splash2.png */ = {isa = PBXFileReference; lastKnownFileType = image.png; path = splash2.png; sourceTree = "<group>"; };
		A9F1FA5817456F3A00269A5A /* bt-fb.png */ = {isa = PBXFileReference; lastKnownFileType = image.png; path = "bt-fb.png"; sourceTree = "<group>"; };
		A9F1FA5917456F3A00269A5A /* bt-google.png */ = {isa = PBXFileReference; lastKnownFileType = image.png; path = "bt-google.png"; sourceTree = "<group>"; };
		A9F1FA621745748C00269A5A /* bkg-blanc-graf-iphone.png */ = {isa = PBXFileReference; lastKnownFileType = image.png; path = "bkg-blanc-graf-iphone.png"; sourceTree = "<group>"; };
		A9F1FA631745748C00269A5A /* bkg-black-graf-iphone.png */ = {isa = PBXFileReference; lastKnownFileType = image.png; path = "bkg-black-graf-iphone.png"; sourceTree = "<group>"; };
		A9F1FA661745773700269A5A /* GalleryViewController.h */ = {isa = PBXFileReference; fileEncoding = 4; lastKnownFileType = sourcecode.c.h; path = GalleryViewController.h; sourceTree = "<group>"; };
		A9F1FA671745773700269A5A /* GalleryViewController.m */ = {isa = PBXFileReference; fileEncoding = 4; lastKnownFileType = sourcecode.c.objc; path = GalleryViewController.m; sourceTree = "<group>"; };
		A9F1FA6B17457F9900269A5A /* separator.png */ = {isa = PBXFileReference; lastKnownFileType = image.png; path = separator.png; sourceTree = "<group>"; };
		A9F1FA6D1745804C00269A5A /* comment-black.png */ = {isa = PBXFileReference; lastKnownFileType = image.png; path = "comment-black.png"; sourceTree = "<group>"; };
		A9F1FA6E1745804C00269A5A /* date.png */ = {isa = PBXFileReference; lastKnownFileType = image.png; path = date.png; sourceTree = "<group>"; };
		A9F1FA6F1745804C00269A5A /* category.png */ = {isa = PBXFileReference; lastKnownFileType = image.png; path = category.png; sourceTree = "<group>"; };
		A9F1FA701745804C00269A5A /* locate.png */ = {isa = PBXFileReference; lastKnownFileType = image.png; path = locate.png; sourceTree = "<group>"; };
		A9F1FA771745823C00269A5A /* PhotoViewController.h */ = {isa = PBXFileReference; fileEncoding = 4; lastKnownFileType = sourcecode.c.h; path = PhotoViewController.h; sourceTree = "<group>"; };
		A9F1FA781745823C00269A5A /* PhotoViewController.m */ = {isa = PBXFileReference; fileEncoding = 4; lastKnownFileType = sourcecode.c.objc; path = PhotoViewController.m; sourceTree = "<group>"; };
		A9F1FA7A1745844E00269A5A /* MapKit.framework */ = {isa = PBXFileReference; lastKnownFileType = wrapper.framework; name = MapKit.framework; path = System/Library/Frameworks/MapKit.framework; sourceTree = SDKROOT; };
		A9F1FA7C174584C000269A5A /* CoreLocation.framework */ = {isa = PBXFileReference; lastKnownFileType = wrapper.framework; name = CoreLocation.framework; path = System/Library/Frameworks/CoreLocation.framework; sourceTree = SDKROOT; };
		A9F40D51175B70350067D35E /* Base64.h */ = {isa = PBXFileReference; fileEncoding = 4; lastKnownFileType = sourcecode.c.h; path = Base64.h; sourceTree = "<group>"; };
		A9F40D52175B70350067D35E /* Base64.m */ = {isa = PBXFileReference; fileEncoding = 4; lastKnownFileType = sourcecode.c.objc; path = Base64.m; sourceTree = "<group>"; };
		A9FFA7751757A47D00AE8495 /* MobileCoreServices.framework */ = {isa = PBXFileReference; lastKnownFileType = wrapper.framework; name = MobileCoreServices.framework; path = System/Library/Frameworks/MobileCoreServices.framework; sourceTree = SDKROOT; };
		A9FFA7771757A74000AE8495 /* Reachability.h */ = {isa = PBXFileReference; fileEncoding = 4; lastKnownFileType = sourcecode.c.h; path = Reachability.h; sourceTree = "<group>"; };
		A9FFA7781757A74000AE8495 /* Reachability.m */ = {isa = PBXFileReference; fileEncoding = 4; lastKnownFileType = sourcecode.c.objc; path = Reachability.m; sourceTree = "<group>"; };
		A9FFA77B1757A81000AE8495 /* SIAlertView.h */ = {isa = PBXFileReference; fileEncoding = 4; lastKnownFileType = sourcecode.c.h; path = SIAlertView.h; sourceTree = "<group>"; };
		A9FFA77C1757A81000AE8495 /* SIAlertView.m */ = {isa = PBXFileReference; fileEncoding = 4; lastKnownFileType = sourcecode.c.objc; path = SIAlertView.m; sourceTree = "<group>"; };
		A9FFA77E1757A81900AE8495 /* QuartzCore.framework */ = {isa = PBXFileReference; lastKnownFileType = wrapper.framework; name = QuartzCore.framework; path = System/Library/Frameworks/QuartzCore.framework; sourceTree = SDKROOT; };
/* End PBXFileReference section */

/* Begin PBXFrameworksBuildPhase section */
		A9F1FA2C17456E9800269A5A /* Frameworks */ = {
			isa = PBXFrameworksBuildPhase;
			buildActionMask = 2147483647;
			files = (
				A9F1FA7B1745844E00269A5A /* MapKit.framework in Frameworks */,
				A9966840176880C200D4E99F /* ImageIO.framework in Frameworks */,
				A922A4AB176782CF0084418F /* libsqlite3.dylib in Frameworks */,
				A922A4A9176782C40084418F /* Social.framework in Frameworks */,
				A922A4A7176782BB0084418F /* Security.framework in Frameworks */,
				A922A4A5176782B10084418F /* AdSupport.framework in Frameworks */,
				A922A4A3176782AA0084418F /* Accounts.framework in Frameworks */,
				A998295E1758A578006949EE /* libMBProgressHUD.a in Frameworks */,
				A9FFA77F1757A81900AE8495 /* QuartzCore.framework in Frameworks */,
				A9FFA7761757A47D00AE8495 /* MobileCoreServices.framework in Frameworks */,
				A981A9C4174C19050001BE23 /* SystemConfiguration.framework in Frameworks */,
				A9F1FA7D174584C000269A5A /* CoreLocation.framework in Frameworks */,
				A9F1FA3317456E9800269A5A /* UIKit.framework in Frameworks */,
				A9F1FA3517456E9800269A5A /* Foundation.framework in Frameworks */,
				A9F1FA3717456E9800269A5A /* CoreGraphics.framework in Frameworks */,
				A922A49F1767823B0084418F /* FacebookSDK.framework in Frameworks */,
			);
			runOnlyForDeploymentPostprocessing = 0;
		};
/* End PBXFrameworksBuildPhase section */

/* Begin PBXGroup section */
		A917BE3E176B62980011C7DC /* ProfilePictureCell */ = {
			isa = PBXGroup;
			children = (
				A917BE3F176B62E90011C7DC /* ProfilePictureCell.xib */,
				A917BE41176B643E0011C7DC /* PictureProfileCell.h */,
				A917BE42176B643E0011C7DC /* PictureProfileCell.m */,
			);
			name = ProfilePictureCell;
			sourceTree = "<group>";
		};
		A94DBF9B174B9F75005094FE /* AFNetworking */ = {
			isa = PBXGroup;
			children = (
				A981A9A7174C17580001BE23 /* AFHTTPClient.h */,
				A981A9A8174C17580001BE23 /* AFHTTPClient.m */,
				A981A9A9174C17580001BE23 /* AFHTTPRequestOperation.h */,
				A981A9AA174C17580001BE23 /* AFHTTPRequestOperation.m */,
				A981A9AB174C17580001BE23 /* AFImageRequestOperation.h */,
				A981A9AC174C17580001BE23 /* AFImageRequestOperation.m */,
				A981A9AD174C17580001BE23 /* AFJSONRequestOperation.h */,
				A981A9AE174C17580001BE23 /* AFJSONRequestOperation.m */,
				A981A9AF174C17580001BE23 /* AFNetworkActivityIndicatorManager.h */,
				A981A9B0174C17580001BE23 /* AFNetworkActivityIndicatorManager.m */,
				A981A9B1174C17580001BE23 /* AFNetworking.h */,
				A981A9B2174C17580001BE23 /* AFPropertyListRequestOperation.h */,
				A981A9B3174C17580001BE23 /* AFPropertyListRequestOperation.m */,
				A981A9B4174C17580001BE23 /* AFURLConnectionOperation.h */,
				A981A9B5174C17580001BE23 /* AFURLConnectionOperation.m */,
				A981A9B6174C17580001BE23 /* AFXMLRequestOperation.h */,
				A981A9B7174C17580001BE23 /* AFXMLRequestOperation.m */,
				A981A9B8174C17580001BE23 /* UIImageView+AFNetworking.h */,
				A981A9B9174C17580001BE23 /* UIImageView+AFNetworking.m */,
			);
			name = AFNetworking;
			sourceTree = "<group>";
		};
		A97876141746877D00D61DE0 /* data */ = {
			isa = PBXGroup;
			children = (
				A9787615174687B000D61DE0 /* Images.h */,
				A9787616174687B000D61DE0 /* Images.m */,
			);
			name = data;
			sourceTree = "<group>";
		};
		A99829551758A523006949EE /* MBProgressHUD */ = {
			isa = PBXGroup;
			children = (
				A99829561758A542006949EE /* MBProgressHUD.xcodeproj */,
			);
			name = MBProgressHUD;
			sourceTree = "<group>";
		};
		A99829571758A542006949EE /* Products */ = {
			isa = PBXGroup;
			children = (
				A998295B1758A543006949EE /* libMBProgressHUD.a */,
			);
			name = Products;
			sourceTree = "<group>";
		};
		A9C930C41758D98100B04CA9 /* imageCell */ = {
			isa = PBXGroup;
			children = (
				A97876181746977D00D61DE0 /* ImageCell.xib */,
				A978761A174697C100D61DE0 /* ImageCellViewController.h */,
				A978761B174697C100D61DE0 /* ImageCellViewController.m */,
			);
			name = imageCell;
			sourceTree = "<group>";
		};
		A9C930C51758D99200B04CA9 /* CommentCell */ = {
			isa = PBXGroup;
			children = (
				A9C930C61758D9CB00B04CA9 /* CommentCell.h */,
				A9C930C71758D9CB00B04CA9 /* CommentCell.m */,
				A9C930C91758D9E800B04CA9 /* CommentCell.xib */,
			);
			name = CommentCell;
			sourceTree = "<group>";
		};
		A9D1EB7317D8995A0096D570 /* Fonts */ = {
			isa = PBXGroup;
			children = (
				A9D1EB7217D899480096D570 /* Sprayerz.ttf */,
				A9D1EB7517D8A01A0096D570 /* kshandwrt.ttf */,
				A9D1EB7717D8A5610096D570 /* graffont.ttf */,
				A9D1EB7917D8A5E30096D570 /* GraffCaps.ttf */,
				A9D1EB7B17D8A6E70096D570 /* Keep It Simple.ttf */,
				A9D1EB7C17D8A7170096D570 /* YouKnowIt.ttf */,
			);
			name = Fonts;
			sourceTree = "<group>";
		};
		A9D39F2D17C4CE9A00A239F9 /* TokenField */ = {
			isa = PBXGroup;
			children = (
				A9D39F2E17C4CEBC00A239F9 /* Names.h */,
				A9D39F2F17C4CEBC00A239F9 /* Names.m */,
				A9D39F3017C4CEBC00A239F9 /* TITokenField.h */,
				A9D39F3117C4CEBC00A239F9 /* TITokenField.m */,
			);
			name = TokenField;
			sourceTree = "<group>";
		};
		A9F1FA2617456E9800269A5A = {
			isa = PBXGroup;
			children = (
				A927490618181CAA008B310A /* Default@2x.png */,
				A904F620180C04E50034DCA4 /* Tunisia.gpx */,
				A914C35E17C38614005142A7 /* ic_graffitounes_114.png */,
				A914C35C17C3860B005142A7 /* ic_graffitounes_57.png */,
				A917BE3C176B5C000011C7DC /* Default@2x.png */,
				A917BE3A176B5BD80011C7DC /* Default.png */,
				A996683F176880C200D4E99F /* ImageIO.framework */,
				A922A4AA176782CF0084418F /* libsqlite3.dylib */,
				A922A4A8176782C40084418F /* Social.framework */,
				A922A4A6176782BB0084418F /* Security.framework */,
				A922A4A4176782B10084418F /* AdSupport.framework */,
				A922A4A2176782AA0084418F /* Accounts.framework */,
				A9F1FA3817456E9800269A5A /* Graffitounes */,
				A9F1FA3117456E9800269A5A /* Frameworks */,
				A9F1FA3017456E9800269A5A /* Products */,
			);
			sourceTree = "<group>";
		};
		A9F1FA3017456E9800269A5A /* Products */ = {
			isa = PBXGroup;
			children = (
				A9F1FA2F17456E9800269A5A /* Graffitounes.app */,
			);
			name = Products;
			sourceTree = "<group>";
		};
		A9F1FA3117456E9800269A5A /* Frameworks */ = {
			isa = PBXGroup;
			children = (
				A922A4A01767827D0084418F /* FacebookSDKResources.bundle */,
				A922A49E1767823B0084418F /* FacebookSDK.framework */,
				A9FFA77E1757A81900AE8495 /* QuartzCore.framework */,
				A9FFA7751757A47D00AE8495 /* MobileCoreServices.framework */,
				A981A9C3174C19050001BE23 /* SystemConfiguration.framework */,
				A9F1FA7C174584C000269A5A /* CoreLocation.framework */,
				A9F1FA7A1745844E00269A5A /* MapKit.framework */,
				A9F1FA3217456E9800269A5A /* UIKit.framework */,
				A9F1FA3417456E9800269A5A /* Foundation.framework */,
				A9F1FA3617456E9800269A5A /* CoreGraphics.framework */,
			);
			name = Frameworks;
			sourceTree = "<group>";
		};
		A9F1FA3817456E9800269A5A /* Graffitounes */ = {
			isa = PBXGroup;
			children = (
				A9D1EB7317D8995A0096D570 /* Fonts */,
				A9D39F2D17C4CE9A00A239F9 /* TokenField */,
				A917BE3E176B62980011C7DC /* ProfilePictureCell */,
				A9F40D51175B70350067D35E /* Base64.h */,
				A9F40D52175B70350067D35E /* Base64.m */,
				A9F40D50175B6F770067D35E /* controllers */,
				A9C930C51758D99200B04CA9 /* CommentCell */,
				A9C930C41758D98100B04CA9 /* imageCell */,
				A99829551758A523006949EE /* MBProgressHUD */,
				A9FFA77A1757A7FB00AE8495 /* SIAlert */,
				A9FFA7711757A38400AE8495 /* Reachibility */,
				A94DBF9B174B9F75005094FE /* AFNetworking */,
				A97876141746877D00D61DE0 /* data */,
				A9F1FA5517456EAE00269A5A /* Media */,
				A9F1FA4117456E9800269A5A /* AppDelegate.h */,
				A9F1FA4217456E9800269A5A /* AppDelegate.m */,
				A9F1FA4A17456E9800269A5A /* MainStoryboard.storyboard */,
				A9F1FA3917456E9800269A5A /* Supporting Files */,
			);
			path = Graffitounes;
			sourceTree = "<group>";
		};
		A9F1FA3917456E9800269A5A /* Supporting Files */ = {
			isa = PBXGroup;
			children = (
				A9F1FA3A17456E9800269A5A /* Graffitounes-Info.plist */,
				A9F1FA3B17456E9800269A5A /* InfoPlist.strings */,
				A9F1FA3E17456E9800269A5A /* main.m */,
				A9F1FA4017456E9800269A5A /* Graffitounes-Prefix.pch */,
				A9F1FA4417456E9800269A5A /* Default.png */,
				A9F1FA4617456E9800269A5A /* Default@2x.png */,
				A9F1FA4817456E9800269A5A /* Default-568h@2x.png */,
			);
			name = "Supporting Files";
			sourceTree = "<group>";
		};
		A9F1FA5517456EAE00269A5A /* Media */ = {
			isa = PBXGroup;
			children = (
				A9BAB61C181689A500E85420 /* fleche.png */,
				A9BAB61D181689A500E85420 /* fleche@2x.png */,
				A9555EF617F0974800EE91BF /* btn_fermer-2.png */,
				A9555EF717F0974800EE91BF /* btn_fermer@2x-1.png */,
				A90F0E2F17E32C7100C54404 /* ic_coeurbrise.png */,
				A90F0E3017E32C7100C54404 /* ic_coeurbrise@2x.png */,
				A90F0E2B17E3257E00C54404 /* ic_ghostblanc.png */,
				A90F0E2C17E3257E00C54404 /* ic_ghostblanc@2x.png */,
				A94292AD17E0AD0200E0D8A5 /* ic_facebook.png */,
				A94292AE17E0AD0200E0D8A5 /* ic_facebook@2x.png */,
				A94292A917E0A9D300E0D8A5 /* ic_map.png */,
				A94292AA17E0A9D300E0D8A5 /* ic_map@2x.png */,
				A912753717DDFEDB00334DCD /* ic_marker.png */,
				A912753817DDFEDD00334DCD /* ic_marker@2x.png */,
				A94837DF17D0A03300072135 /* btn_fermer.png */,
				A96B79451819157500A4876F /* Graffitounes_navbar.png */,
				A96B79461819157500A4876F /* Graffitounes@2x.png */,
				A94837E017D0A03300072135 /* btn_fermer@2x.png */,
				A94837DD17D0A02A00072135 /* poubelle@2x.png */,
				A94837DB17D0A02200072135 /* poubelle.png */,
				A903FBE217CE371C005EED4C /* marqueur_profil.png */,
				A903FBE317CE371F005EED4C /* marqueur_profil@2x.png */,
				A903FBD217CE2F0E005EED4C /* meslike_off.png */,
				A903FBD317CE2F11005EED4C /* meslike_off@2x.png */,
				A903FBD417CE2F13005EED4C /* meslike_on.png */,
				A903FBD517CE2F14005EED4C /* meslike_on@2x.png */,
				A903FBD617CE2F16005EED4C /* mesphotos_off.png */,
				A903FBD717CE2F17005EED4C /* mesphotos_off@2x.png */,
				A903FBD817CE2F19005EED4C /* mesphotos_on.png */,
				A903FBD917CE2F1A005EED4C /* mesphotos_on@2x.png */,
				A903FBCE17CE2ED6005EED4C /* arrow.png */,
				A903FBCF17CE2ED9005EED4C /* arrow@2x.png */,
				A903FBCA17CE1227005EED4C /* bg_btn@2x-1.png */,
				A903FBCB17CE1227005EED4C /* bg_btn-1.png */,
				A903FBBE17CE0D06005EED4C /* ic_geoloc.png */,
				A903FBBF17CE0D06005EED4C /* ic_geoloc@2x.png */,
				A903FBC017CE0D07005EED4C /* ic_like.png */,
				A903FBC117CE0D07005EED4C /* ic_like@2x.png */,
				A903FBA817CE04D4005EED4C /* galerie-off@2x.png */,
				A903FBA917CE04D4005EED4C /* MVSappm_fonct_profil.png */,
				A903FBAA17CE04D4005EED4C /* MVSappm_fonct_profil@2x.png */,
				A903FBAB17CE04D4005EED4C /* photos.png */,
				A903FBAC17CE04D4005EED4C /* photos@2x.png */,
				A9D39F2B17C4B14D00A239F9 /* bg_hachure.png */,
				A992BD4817C609FC001ADE67 /* ajout_photo@2x.png */,
				A9D39F2917C4AD0500A239F9 /* ajout_photo.png */,
				A945885617A955120097B219 /* ic_envoyer.png */,
				A945885717A955120097B219 /* marqueur_graffi.png */,
				A945885417A954FF0097B219 /* bg_comment.png */,
				A97B4680179AD8460062ACE2 /* gardiant.png */,
				A97B467E179ACAA10062ACE2 /* picture.png */,
				A916CFF1175A63A100494C1A /* shareBG.png */,
				A9975924175900670080C668 /* edit.png */,
				A99759221758E8F50080C668 /* profile_picture.png */,
				A964505D1757B5B100293A32 /* picto-bt-jaime.png */,
				A964505E1757B5B100293A32 /* ghost.png */,
				A964505B1757B52A00293A32 /* BGBtn.png */,
				A96450591757B41900293A32 /* coeur-liste-red.png */,
				A9F1FA6D1745804C00269A5A /* comment-black.png */,
				A9F1FA6E1745804C00269A5A /* date.png */,
				A9F1FA6F1745804C00269A5A /* category.png */,
				A9F1FA701745804C00269A5A /* locate.png */,
				A9F1FA6B17457F9900269A5A /* separator.png */,
				A9F1FA621745748C00269A5A /* bkg-blanc-graf-iphone.png */,
				A9F1FA631745748C00269A5A /* bkg-black-graf-iphone.png */,
				A9F1FA5817456F3A00269A5A /* bt-fb.png */,
				A9F1FA5917456F3A00269A5A /* bt-google.png */,
				A9F1FA5617456EE600269A5A /* splash2.png */,
			);
			name = Media;
			sourceTree = "<group>";
		};
		A9F40D50175B6F770067D35E /* controllers */ = {
			isa = PBXGroup;
			children = (
				A994546218117EAE00E19FBA /* Constants.h */,
				A994546318117EAE00E19FBA /* Constants.m */,
				A9F1FA4D17456E9800269A5A /* ViewController.h */,
				A9F1FA4E17456E9800269A5A /* ViewController.m */,
				A96450561757B28600293A32 /* DetailImageViewController.h */,
				A96450571757B28600293A32 /* DetailImageViewController.m */,
				A9F1FA661745773700269A5A /* GalleryViewController.h */,
				A9F1FA671745773700269A5A /* GalleryViewController.m */,
				A9F1FA771745823C00269A5A /* PhotoViewController.h */,
				A9F1FA781745823C00269A5A /* PhotoViewController.m */,
				A96BA1BD17590CB4006D5A7A /* CommetaireViewController.h */,
				A96BA1BE17590CB4006D5A7A /* CommetaireViewController.m */,
				A9454E0517CD020D008E4EA4 /* MapViewController.h */,
				A9454E0617CD020D008E4EA4 /* MapViewController.m */,
				A9EBBF6217CF7C140004BE68 /* Press.h */,
				A9EBBF6317CF7C140004BE68 /* Press.m */,
				A912753B17DE0E0200334DCD /* FullScreenViewController.h */,
				A912753C17DE0E0200334DCD /* FullScreenViewController.m */,
				A9C3E9FA17DF3268006A99F8 /* CarteViewController.h */,
				A9C3E9FB17DF3268006A99F8 /* CarteViewController.m */,
				A9C3EA0017DF50CE006A99F8 /* PointAnnotation.h */,
				A9C3EA0117DF50CE006A99F8 /* PointAnnotation.m */,
				A9CC205417E86876003A153A /* MeViewController.h */,
				A9CC205517E86876003A153A /* MeViewController.m */,
			);
			name = controllers;
			sourceTree = "<group>";
		};
		A9FFA7711757A38400AE8495 /* Reachibility */ = {
			isa = PBXGroup;
			children = (
				A9FFA7771757A74000AE8495 /* Reachability.h */,
				A9FFA7781757A74000AE8495 /* Reachability.m */,
			);
			name = Reachibility;
			sourceTree = "<group>";
		};
		A9FFA77A1757A7FB00AE8495 /* SIAlert */ = {
			isa = PBXGroup;
			children = (
				A9FFA77B1757A81000AE8495 /* SIAlertView.h */,
				A9FFA77C1757A81000AE8495 /* SIAlertView.m */,
			);
			name = SIAlert;
			sourceTree = "<group>";
		};
/* End PBXGroup section */

/* Begin PBXNativeTarget section */
		A9F1FA2E17456E9800269A5A /* Graffitounes */ = {
			isa = PBXNativeTarget;
			buildConfigurationList = A9F1FA5217456E9800269A5A /* Build configuration list for PBXNativeTarget "Graffitounes" */;
			buildPhases = (
				A9F1FA2B17456E9800269A5A /* Sources */,
				A9F1FA2C17456E9800269A5A /* Frameworks */,
				A9F1FA2D17456E9800269A5A /* Resources */,
			);
			buildRules = (
			);
			dependencies = (
				A998295D1758A573006949EE /* PBXTargetDependency */,
			);
			name = Graffitounes;
			productName = Graffitounes;
			productReference = A9F1FA2F17456E9800269A5A /* Graffitounes.app */;
			productType = "com.apple.product-type.application";
		};
/* End PBXNativeTarget section */

/* Begin PBXProject section */
		A9F1FA2717456E9800269A5A /* Project object */ = {
			isa = PBXProject;
			attributes = {
				LastUpgradeCheck = 0460;
				ORGANIZATIONNAME = "Makina-corpus";
			};
			buildConfigurationList = A9F1FA2A17456E9800269A5A /* Build configuration list for PBXProject "Graffitounes" */;
			compatibilityVersion = "Xcode 3.2";
			developmentRegion = English;
			hasScannedForEncodings = 0;
			knownRegions = (
				en,
			);
			mainGroup = A9F1FA2617456E9800269A5A;
			productRefGroup = A9F1FA3017456E9800269A5A /* Products */;
			projectDirPath = "";
			projectReferences = (
				{
					ProductGroup = A99829571758A542006949EE /* Products */;
					ProjectRef = A99829561758A542006949EE /* MBProgressHUD.xcodeproj */;
				},
			);
			projectRoot = "";
			targets = (
				A9F1FA2E17456E9800269A5A /* Graffitounes */,
			);
		};
/* End PBXProject section */

/* Begin PBXReferenceProxy section */
		A998295B1758A543006949EE /* libMBProgressHUD.a */ = {
			isa = PBXReferenceProxy;
			fileType = archive.ar;
			path = libMBProgressHUD.a;
			remoteRef = A998295A1758A543006949EE /* PBXContainerItemProxy */;
			sourceTree = BUILT_PRODUCTS_DIR;
		};
/* End PBXReferenceProxy section */

/* Begin PBXResourcesBuildPhase section */
		A9F1FA2D17456E9800269A5A /* Resources */ = {
			isa = PBXResourcesBuildPhase;
			buildActionMask = 2147483647;
			files = (
				A9D1EB7D17D8A7600096D570 /* YouKnowIt.ttf in Resources */,
				A9D1EB7A17D8A5E70096D570 /* GraffCaps.ttf in Resources */,
				A9D1EB7817D8A5B20096D570 /* graffont.ttf in Resources */,
				A9D1EB7617D8A0220096D570 /* kshandwrt.ttf in Resources */,
				A9D1EB7417D89CF10096D570 /* Sprayerz.ttf in Resources */,
				A9F1FA3D17456E9800269A5A /* InfoPlist.strings in Resources */,
				A9F1FA4517456E9800269A5A /* Default.png in Resources */,
				A9F1FA4717456E9800269A5A /* Default@2x.png in Resources */,
				A9F1FA4917456E9800269A5A /* Default-568h@2x.png in Resources */,
				A9F1FA4C17456E9800269A5A /* MainStoryboard.storyboard in Resources */,
				A9F1FA5717456EE600269A5A /* splash2.png in Resources */,
				A9F1FA5A17456F3A00269A5A /* bt-fb.png in Resources */,
				A9F1FA5B17456F3A00269A5A /* bt-google.png in Resources */,
				A9F1FA641745748C00269A5A /* bkg-blanc-graf-iphone.png in Resources */,
				A9F1FA651745748C00269A5A /* bkg-black-graf-iphone.png in Resources */,
				A9F1FA6C17457F9900269A5A /* separator.png in Resources */,
				A9F1FA711745804C00269A5A /* comment-black.png in Resources */,
				A9F1FA721745804C00269A5A /* date.png in Resources */,
				A9555EF917F0974800EE91BF /* btn_fermer@2x-1.png in Resources */,
				A9F1FA731745804C00269A5A /* category.png in Resources */,
				A9F1FA741745804C00269A5A /* locate.png in Resources */,
				A97876191746977D00D61DE0 /* ImageCell.xib in Resources */,
				A964505A1757B41900293A32 /* coeur-liste-red.png in Resources */,
				A964505C1757B52B00293A32 /* BGBtn.png in Resources */,
				A964505F1757B5B100293A32 /* picto-bt-jaime.png in Resources */,
				A9BAB61F181689A500E85420 /* fleche@2x.png in Resources */,
				A96B79481819157500A4876F /* Graffitounes@2x.png in Resources */,
				A96450601757B5B100293A32 /* ghost.png in Resources */,
				A9C930CA1758D9E800B04CA9 /* CommentCell.xib in Resources */,
				A99759231758E8F50080C668 /* profile_picture.png in Resources */,
				A9975925175900670080C668 /* edit.png in Resources */,
				A916CFF2175A63A100494C1A /* shareBG.png in Resources */,
				A922A4A11767827D0084418F /* FacebookSDKResources.bundle in Resources */,
				A917BE3B176B5BD80011C7DC /* Default.png in Resources */,
				A917BE3D176B5C000011C7DC /* Default@2x.png in Resources */,
				A917BE40176B62E90011C7DC /* ProfilePictureCell.xib in Resources */,
				A97B467F179ACAA10062ACE2 /* picture.png in Resources */,
				A97B4681179AD8460062ACE2 /* gardiant.png in Resources */,
				A945885517A954FF0097B219 /* bg_comment.png in Resources */,
				A945885817A955120097B219 /* ic_envoyer.png in Resources */,
				A945885917A955120097B219 /* marqueur_graffi.png in Resources */,
				A914C35D17C3860B005142A7 /* ic_graffitounes_57.png in Resources */,
				A914C35F17C38614005142A7 /* ic_graffitounes_114.png in Resources */,
				A9D39F2A17C4AD0500A239F9 /* ajout_photo.png in Resources */,
				A9555EF817F0974800EE91BF /* btn_fermer-2.png in Resources */,
				A9D39F2C17C4B14D00A239F9 /* bg_hachure.png in Resources */,
				A904F621180C04E50034DCA4 /* Tunisia.gpx in Resources */,
				A992BD4917C609FC001ADE67 /* ajout_photo@2x.png in Resources */,
				A903FBAD17CE04D4005EED4C /* galerie-off@2x.png in Resources */,
				A903FBAE17CE04D4005EED4C /* MVSappm_fonct_profil.png in Resources */,
				A903FBAF17CE04D4005EED4C /* MVSappm_fonct_profil@2x.png in Resources */,
				A903FBB017CE04D4005EED4C /* photos.png in Resources */,
				A903FBB117CE04D4005EED4C /* photos@2x.png in Resources */,
				A903FBC217CE0D08005EED4C /* ic_geoloc.png in Resources */,
				A903FBC317CE0D08005EED4C /* ic_geoloc@2x.png in Resources */,
				A903FBC417CE0D08005EED4C /* ic_like.png in Resources */,
				A903FBC517CE0D08005EED4C /* ic_like@2x.png in Resources */,
				A903FBCC17CE1227005EED4C /* bg_btn@2x-1.png in Resources */,
				A903FBCD17CE1227005EED4C /* bg_btn-1.png in Resources */,
				A9BAB61E181689A500E85420 /* fleche.png in Resources */,
				A903FBD017CE2EDB005EED4C /* arrow.png in Resources */,
				A903FBD117CE2EDB005EED4C /* arrow@2x.png in Resources */,
				A903FBDA17CE2F1C005EED4C /* meslike_off.png in Resources */,
				A903FBDB17CE2F1C005EED4C /* meslike_off@2x.png in Resources */,
				A903FBDC17CE2F1C005EED4C /* meslike_on.png in Resources */,
				A903FBDD17CE2F1C005EED4C /* meslike_on@2x.png in Resources */,
				A903FBDE17CE2F1C005EED4C /* mesphotos_off.png in Resources */,
				A903FBDF17CE2F1C005EED4C /* mesphotos_off@2x.png in Resources */,
				A903FBE017CE2F1C005EED4C /* mesphotos_on.png in Resources */,
				A903FBE117CE2F1C005EED4C /* mesphotos_on@2x.png in Resources */,
				A903FBE417CE3721005EED4C /* marqueur_profil.png in Resources */,
				A903FBE517CE3721005EED4C /* marqueur_profil@2x.png in Resources */,
				A94837DC17D0A02200072135 /* poubelle.png in Resources */,
				A94837DE17D0A02A00072135 /* poubelle@2x.png in Resources */,
				A94837E117D0A03300072135 /* btn_fermer.png in Resources */,
				A94837E217D0A03300072135 /* btn_fermer@2x.png in Resources */,
				A912753917DDFEDF00334DCD /* ic_marker.png in Resources */,
				A96B79471819157500A4876F /* Graffitounes_navbar.png in Resources */,
				A912753A17DDFEDF00334DCD /* ic_marker@2x.png in Resources */,
				A94292AB17E0A9D300E0D8A5 /* ic_map.png in Resources */,
				A94292AC17E0A9D300E0D8A5 /* ic_map@2x.png in Resources */,
				A94292AF17E0AD0200E0D8A5 /* ic_facebook.png in Resources */,
				A94292B017E0AD0200E0D8A5 /* ic_facebook@2x.png in Resources */,
				A90F0E2D17E3257E00C54404 /* ic_ghostblanc.png in Resources */,
				A90F0E2E17E3257E00C54404 /* ic_ghostblanc@2x.png in Resources */,
				A90F0E3117E32C7100C54404 /* ic_coeurbrise.png in Resources */,
				A90F0E3217E32C7100C54404 /* ic_coeurbrise@2x.png in Resources */,
			);
			runOnlyForDeploymentPostprocessing = 0;
		};
/* End PBXResourcesBuildPhase section */

/* Begin PBXSourcesBuildPhase section */
		A9F1FA2B17456E9800269A5A /* Sources */ = {
			isa = PBXSourcesBuildPhase;
			buildActionMask = 2147483647;
			files = (
				A9D39F3217C4D62100A239F9 /* Names.m in Sources */,
				A9D39F3317C4D62200A239F9 /* TITokenField.m in Sources */,
				A9F1FA3F17456E9800269A5A /* main.m in Sources */,
				A994546418117EAE00E19FBA /* Constants.m in Sources */,
				A9F1FA4317456E9800269A5A /* AppDelegate.m in Sources */,
				A9F1FA4F17456E9800269A5A /* ViewController.m in Sources */,
				A9F1FA681745773700269A5A /* GalleryViewController.m in Sources */,
				A9F1FA791745823C00269A5A /* PhotoViewController.m in Sources */,
				A9787617174687B000D61DE0 /* Images.m in Sources */,
				A978761C174697C100D61DE0 /* ImageCellViewController.m in Sources */,
				A981A9BA174C17580001BE23 /* AFHTTPClient.m in Sources */,
				A981A9BB174C17580001BE23 /* AFHTTPRequestOperation.m in Sources */,
				A981A9BC174C17580001BE23 /* AFImageRequestOperation.m in Sources */,
				A981A9BD174C17580001BE23 /* AFJSONRequestOperation.m in Sources */,
				A981A9BE174C17580001BE23 /* AFNetworkActivityIndicatorManager.m in Sources */,
				A981A9BF174C17580001BE23 /* AFPropertyListRequestOperation.m in Sources */,
				A981A9C0174C17580001BE23 /* AFURLConnectionOperation.m in Sources */,
				A981A9C1174C17580001BE23 /* AFXMLRequestOperation.m in Sources */,
				A981A9C2174C17580001BE23 /* UIImageView+AFNetworking.m in Sources */,
				A9FFA7791757A74000AE8495 /* Reachability.m in Sources */,
				A9FFA77D1757A81000AE8495 /* SIAlertView.m in Sources */,
				A96450581757B28700293A32 /* DetailImageViewController.m in Sources */,
				A9C930C81758D9CB00B04CA9 /* CommentCell.m in Sources */,
				A96BA1BF17590CB4006D5A7A /* CommetaireViewController.m in Sources */,
				A9F40D53175B70350067D35E /* Base64.m in Sources */,
				A917BE43176B643E0011C7DC /* PictureProfileCell.m in Sources */,
				A9454E0717CD020D008E4EA4 /* MapViewController.m in Sources */,
				A9EBBF6417CF7C140004BE68 /* Press.m in Sources */,
				A912753D17DE0E0200334DCD /* FullScreenViewController.m in Sources */,
				A9C3E9FC17DF3268006A99F8 /* CarteViewController.m in Sources */,
				A9C3EA0217DF50CE006A99F8 /* PointAnnotation.m in Sources */,
				A9CC205617E86876003A153A /* MeViewController.m in Sources */,
			);
			runOnlyForDeploymentPostprocessing = 0;
		};
/* End PBXSourcesBuildPhase section */

/* Begin PBXTargetDependency section */
		A998295D1758A573006949EE /* PBXTargetDependency */ = {
			isa = PBXTargetDependency;
			name = MBProgressHUD;
			targetProxy = A998295C1758A573006949EE /* PBXContainerItemProxy */;
		};
/* End PBXTargetDependency section */

/* Begin PBXVariantGroup section */
		A9F1FA3B17456E9800269A5A /* InfoPlist.strings */ = {
			isa = PBXVariantGroup;
			children = (
				A9F1FA3C17456E9800269A5A /* en */,
			);
			name = InfoPlist.strings;
			sourceTree = "<group>";
		};
		A9F1FA4A17456E9800269A5A /* MainStoryboard.storyboard */ = {
			isa = PBXVariantGroup;
			children = (
				A9F1FA4B17456E9800269A5A /* en */,
			);
			name = MainStoryboard.storyboard;
			sourceTree = "<group>";
		};
/* End PBXVariantGroup section */

/* Begin XCBuildConfiguration section */
		A9F1FA5017456E9800269A5A /* Debug */ = {
			isa = XCBuildConfiguration;
			buildSettings = {
				ALWAYS_SEARCH_USER_PATHS = NO;
				CLANG_CXX_LANGUAGE_STANDARD = "gnu++0x";
				CLANG_CXX_LIBRARY = "libc++";
				CLANG_ENABLE_OBJC_ARC = YES;
				CLANG_WARN_CONSTANT_CONVERSION = YES;
				CLANG_WARN_EMPTY_BODY = YES;
				CLANG_WARN_ENUM_CONVERSION = YES;
				CLANG_WARN_INT_CONVERSION = YES;
				CLANG_WARN__DUPLICATE_METHOD_MATCH = YES;
				"CODE_SIGN_IDENTITY[sdk=iphoneos*]" = "iPhone Developer";
				COPY_PHASE_STRIP = NO;
				GCC_C_LANGUAGE_STANDARD = gnu99;
				GCC_DYNAMIC_NO_PIC = NO;
				GCC_OPTIMIZATION_LEVEL = 0;
				GCC_PREPROCESSOR_DEFINITIONS = (
					"DEBUG=1",
					"$(inherited)",
				);
				GCC_SYMBOLS_PRIVATE_EXTERN = NO;
				GCC_WARN_ABOUT_RETURN_TYPE = YES;
				GCC_WARN_UNINITIALIZED_AUTOS = YES;
				GCC_WARN_UNUSED_VARIABLE = YES;
				IPHONEOS_DEPLOYMENT_TARGET = 6.1;
				ONLY_ACTIVE_ARCH = YES;
				SDKROOT = iphoneos;
			};
			name = Debug;
		};
		A9F1FA5117456E9800269A5A /* Release */ = {
			isa = XCBuildConfiguration;
			buildSettings = {
				ALWAYS_SEARCH_USER_PATHS = NO;
				CLANG_CXX_LANGUAGE_STANDARD = "gnu++0x";
				CLANG_CXX_LIBRARY = "libc++";
				CLANG_ENABLE_OBJC_ARC = YES;
				CLANG_WARN_CONSTANT_CONVERSION = YES;
				CLANG_WARN_EMPTY_BODY = YES;
				CLANG_WARN_ENUM_CONVERSION = YES;
				CLANG_WARN_INT_CONVERSION = YES;
				CLANG_WARN__DUPLICATE_METHOD_MATCH = YES;
				"CODE_SIGN_IDENTITY[sdk=iphoneos*]" = "iPhone Developer";
				COPY_PHASE_STRIP = YES;
				GCC_C_LANGUAGE_STANDARD = gnu99;
				GCC_WARN_ABOUT_RETURN_TYPE = YES;
				GCC_WARN_UNINITIALIZED_AUTOS = YES;
				GCC_WARN_UNUSED_VARIABLE = YES;
				IPHONEOS_DEPLOYMENT_TARGET = 6.1;
				OTHER_CFLAGS = "-DNS_BLOCK_ASSERTIONS=1";
				SDKROOT = iphoneos;
				VALIDATE_PRODUCT = YES;
			};
			name = Release;
		};
		A9F1FA5317456E9800269A5A /* Debug */ = {
			isa = XCBuildConfiguration;
			buildSettings = {
				FRAMEWORK_SEARCH_PATHS = (
					"$(inherited)",
					"\"$(SRCROOT)\"",
				);
				GCC_PRECOMPILE_PREFIX_HEADER = YES;
				GCC_PREFIX_HEADER = "Graffitounes/Graffitounes-Prefix.pch";
				INFOPLIST_FILE = "Graffitounes/Graffitounes-Info.plist";
				IPHONEOS_DEPLOYMENT_TARGET = 6.1;
				PRODUCT_NAME = "$(TARGET_NAME)";
				SDKROOT = iphoneos7.0;
				WRAPPER_EXTENSION = app;
			};
			name = Debug;
		};
		A9F1FA5417456E9800269A5A /* Release */ = {
			isa = XCBuildConfiguration;
			buildSettings = {
				FRAMEWORK_SEARCH_PATHS = (
					"$(inherited)",
					"\"$(SRCROOT)\"",
				);
				GCC_PRECOMPILE_PREFIX_HEADER = YES;
				GCC_PREFIX_HEADER = "Graffitounes/Graffitounes-Prefix.pch";
				INFOPLIST_FILE = "Graffitounes/Graffitounes-Info.plist";
				IPHONEOS_DEPLOYMENT_TARGET = 6.1;
				PRODUCT_NAME = "$(TARGET_NAME)";
				SDKROOT = iphoneos7.0;
				WRAPPER_EXTENSION = app;
			};
			name = Release;
		};
/* End XCBuildConfiguration section */

/* Begin XCConfigurationList section */
		A9F1FA2A17456E9800269A5A /* Build configuration list for PBXProject "Graffitounes" */ = {
			isa = XCConfigurationList;
			buildConfigurations = (
				A9F1FA5017456E9800269A5A /* Debug */,
				A9F1FA5117456E9800269A5A /* Release */,
			);
			defaultConfigurationIsVisible = 0;
			defaultConfigurationName = Release;
		};
		A9F1FA5217456E9800269A5A /* Build configuration list for PBXNativeTarget "Graffitounes" */ = {
			isa = XCConfigurationList;
			buildConfigurations = (
				A9F1FA5317456E9800269A5A /* Debug */,
				A9F1FA5417456E9800269A5A /* Release */,
			);
			defaultConfigurationIsVisible = 0;
			defaultConfigurationName = Release;
		};
/* End XCConfigurationList section */
	};
	rootObject = A9F1FA2717456E9800269A5A /* Project object */;
}
